// !$*UTF8*$!
{
	archiveVersion = 1;
	classes = {
	};
	objectVersion = 56;
	objects = {

/* Begin PBXBuildFile section */
		41B1F6CE5D04FCBF08741728 /* Pods_AppBank_AppBankUITests.framework in Frameworks */ = {isa = PBXBuildFile; fileRef = 6B0EA43793D0209308F9197A /* Pods_AppBank_AppBankUITests.framework */; };
		71BB0179CB1AB0470ABBBF27 /* Pods_AppBank.framework in Frameworks */ = {isa = PBXBuildFile; fileRef = 60990546D06C3A8785443F52 /* Pods_AppBank.framework */; };
		CE016E792AE317A10098F992 /* InsertMoneyView.swift in Sources */ = {isa = PBXBuildFile; fileRef = CE016E782AE317A10098F992 /* InsertMoneyView.swift */; };
		CE016E7D2AE317CB0098F992 /* InsertMoneyViewController.swift in Sources */ = {isa = PBXBuildFile; fileRef = CE016E7C2AE317CB0098F992 /* InsertMoneyViewController.swift */; };
		CE0EF1162AFBBE8D00ED76B7 /* HomeFactory.swift in Sources */ = {isa = PBXBuildFile; fileRef = CE0EF1152AFBBE8D00ED76B7 /* HomeFactory.swift */; };
		CE1B474E2A97FF8200056914 /* AuthenticatorFirebase.swift in Sources */ = {isa = PBXBuildFile; fileRef = CE1B474D2A97FF8200056914 /* AuthenticatorFirebase.swift */; };
		CE1C4AD72A984E0C00AEA219 /* Alert.swift in Sources */ = {isa = PBXBuildFile; fileRef = CE1C4AD62A984E0C00AEA219 /* Alert.swift */; };
		CE1DCEF02A97004400E3CC3E /* AppDelegate.swift in Sources */ = {isa = PBXBuildFile; fileRef = CE1DCEEF2A97004400E3CC3E /* AppDelegate.swift */; };
		CE1DCEF22A97004400E3CC3E /* SceneDelegate.swift in Sources */ = {isa = PBXBuildFile; fileRef = CE1DCEF12A97004400E3CC3E /* SceneDelegate.swift */; };
		CE1DCEF92A97004800E3CC3E /* Assets.xcassets in Resources */ = {isa = PBXBuildFile; fileRef = CE1DCEF82A97004800E3CC3E /* Assets.xcassets */; };
		CE1DCEFC2A97004800E3CC3E /* LaunchScreen.storyboard in Resources */ = {isa = PBXBuildFile; fileRef = CE1DCEFA2A97004800E3CC3E /* LaunchScreen.storyboard */; };
		CE1DCF112A97004900E3CC3E /* AppBankTestsUITests.swift in Sources */ = {isa = PBXBuildFile; fileRef = CE1DCF102A97004900E3CC3E /* AppBankTestsUITests.swift */; };
		CE1DCF132A97004900E3CC3E /* AppBankTestsUITestsLaunchTests.swift in Sources */ = {isa = PBXBuildFile; fileRef = CE1DCF122A97004900E3CC3E /* AppBankTestsUITestsLaunchTests.swift */; };
		CE1DCF242A97012300E3CC3E /* LoginViewController.swift in Sources */ = {isa = PBXBuildFile; fileRef = CE1DCF232A97012300E3CC3E /* LoginViewController.swift */; };
		CE1DCF262A97012E00E3CC3E /* LoginView.swift in Sources */ = {isa = PBXBuildFile; fileRef = CE1DCF252A97012E00E3CC3E /* LoginView.swift */; };
		CE1DCF302A97074B00E3CC3E /* TextFieldDefault.swift in Sources */ = {isa = PBXBuildFile; fileRef = CE1DCF2F2A97074B00E3CC3E /* TextFieldDefault.swift */; };
		CE1DCF322A9709D400E3CC3E /* ButtonDefault.swift in Sources */ = {isa = PBXBuildFile; fileRef = CE1DCF312A9709D400E3CC3E /* ButtonDefault.swift */; };
		CE1FF8FE2B03A9D30021F67B /* ProductsCoordinator.swift in Sources */ = {isa = PBXBuildFile; fileRef = CE1FF8FD2B03A9D30021F67B /* ProductsCoordinator.swift */; };
		CE1FF9002B03A9E50021F67B /* ProductsFactory.swift in Sources */ = {isa = PBXBuildFile; fileRef = CE1FF8FF2B03A9E50021F67B /* ProductsFactory.swift */; };
		CE1FF9022B03AE7A0021F67B /* InsertMoneyFactory.swift in Sources */ = {isa = PBXBuildFile; fileRef = CE1FF9012B03AE7A0021F67B /* InsertMoneyFactory.swift */; };
		CE20FC532AA6273F00727585 /* TransactionsViewModel.swift in Sources */ = {isa = PBXBuildFile; fileRef = CE20FC522AA6273F00727585 /* TransactionsViewModel.swift */; };
		CE270B272BAB2A99008CEEA9 /* CustomBalanceView.swift in Sources */ = {isa = PBXBuildFile; fileRef = CE270B262BAB2A99008CEEA9 /* CustomBalanceView.swift */; };
		CE270B2A2BAB2B55008CEEA9 /* TransactionsViewController.swift in Sources */ = {isa = PBXBuildFile; fileRef = CE270B292BAB2B55008CEEA9 /* TransactionsViewController.swift */; };
		CE270B2C2BAB2BFE008CEEA9 /* TransactionsView.swift in Sources */ = {isa = PBXBuildFile; fileRef = CE270B2B2BAB2BFE008CEEA9 /* TransactionsView.swift */; };
		CE270B2E2BAB2C0D008CEEA9 /* TransactionsFactory.swift in Sources */ = {isa = PBXBuildFile; fileRef = CE270B2D2BAB2C0C008CEEA9 /* TransactionsFactory.swift */; };
		CE270B332BAC7464008CEEA9 /* CreditCardView.swift in Sources */ = {isa = PBXBuildFile; fileRef = CE270B322BAC7464008CEEA9 /* CreditCardView.swift */; };
		CE270B352BAC7470008CEEA9 /* CreditCardViewController.swift in Sources */ = {isa = PBXBuildFile; fileRef = CE270B342BAC7470008CEEA9 /* CreditCardViewController.swift */; };
		CE270B372BAC7484008CEEA9 /* CreditCardFactory.swift in Sources */ = {isa = PBXBuildFile; fileRef = CE270B362BAC7484008CEEA9 /* CreditCardFactory.swift */; };
		CE270B392BAC75CC008CEEA9 /* CustomBlockedCardView.swift in Sources */ = {isa = PBXBuildFile; fileRef = CE270B382BAC75CC008CEEA9 /* CustomBlockedCardView.swift */; };
		CE270B3B2BAC7BDE008CEEA9 /* CustomImageCreditCard.swift in Sources */ = {isa = PBXBuildFile; fileRef = CE270B3A2BAC7BDE008CEEA9 /* CustomImageCreditCard.swift */; };
		CE270B3D2BACA6A8008CEEA9 /* SimpleScrollView.swift in Sources */ = {isa = PBXBuildFile; fileRef = CE270B3C2BACA6A8008CEEA9 /* SimpleScrollView.swift */; };
		CE270B402BACC3FD008CEEA9 /* MyDataView.swift in Sources */ = {isa = PBXBuildFile; fileRef = CE270B3F2BACC3FD008CEEA9 /* MyDataView.swift */; };
		CE270B422BACC407008CEEA9 /* MyDataViewController.swift in Sources */ = {isa = PBXBuildFile; fileRef = CE270B412BACC407008CEEA9 /* MyDataViewController.swift */; };
		CE270B442BACC412008CEEA9 /* MyDataFactory.swift in Sources */ = {isa = PBXBuildFile; fileRef = CE270B432BACC412008CEEA9 /* MyDataFactory.swift */; };
		CE270B462BACC85C008CEEA9 /* CustomLogoutViewButton.swift in Sources */ = {isa = PBXBuildFile; fileRef = CE270B452BACC85C008CEEA9 /* CustomLogoutViewButton.swift */; };
		CE270CDB2A98172C00E69BF1 /* GoogleService-Info.plist in Resources */ = {isa = PBXBuildFile; fileRef = CE270CDA2A98172C00E69BF1 /* GoogleService-Info.plist */; };
		CE2F3B8A2B55E54400F68503 /* ViewCodeUIView.swift in Sources */ = {isa = PBXBuildFile; fileRef = CE2F3B892B55E54400F68503 /* ViewCodeUIView.swift */; };
		CE43618D2B51CC72009751C0 /* RegisterViewModelTests.swift in Sources */ = {isa = PBXBuildFile; fileRef = CE43618C2B51CC72009751C0 /* RegisterViewModelTests.swift */; };
		CE4361902B51D262009751C0 /* ScreenPixViewModelTests.swift in Sources */ = {isa = PBXBuildFile; fileRef = CE43618F2B51D262009751C0 /* ScreenPixViewModelTests.swift */; };
		CE4361932B51D77E009751C0 /* ExtractViewModelTests.swift in Sources */ = {isa = PBXBuildFile; fileRef = CE4361922B51D77E009751C0 /* ExtractViewModelTests.swift */; };
		CE452DE52BA37AC4004D9F61 /* Comfortaa-Bold.ttf in Resources */ = {isa = PBXBuildFile; fileRef = CE452DE02BA37AC2004D9F61 /* Comfortaa-Bold.ttf */; };
		CE452DE62BA37AC4004D9F61 /* Comfortaa-Light.ttf in Resources */ = {isa = PBXBuildFile; fileRef = CE452DE12BA37AC2004D9F61 /* Comfortaa-Light.ttf */; };
		CE452DE72BA37AC4004D9F61 /* Comfortaa-Medium.ttf in Resources */ = {isa = PBXBuildFile; fileRef = CE452DE22BA37AC3004D9F61 /* Comfortaa-Medium.ttf */; };
		CE452DE82BA37AC4004D9F61 /* Comfortaa-SemiBold.ttf in Resources */ = {isa = PBXBuildFile; fileRef = CE452DE32BA37AC3004D9F61 /* Comfortaa-SemiBold.ttf */; };
		CE452DE92BA37AC4004D9F61 /* Comfortaa-Regular.ttf in Resources */ = {isa = PBXBuildFile; fileRef = CE452DE42BA37AC4004D9F61 /* Comfortaa-Regular.ttf */; };
		CE452DEB2BA37C6D004D9F61 /* Fonts+.swift in Sources */ = {isa = PBXBuildFile; fileRef = CE452DEA2BA37C6D004D9F61 /* Fonts+.swift */; };
		CE452DF22BA38173004D9F61 /* SegoeUI.ttf in Resources */ = {isa = PBXBuildFile; fileRef = CE452DEE2BA38171004D9F61 /* SegoeUI.ttf */; };
		CE452DF32BA38173004D9F61 /* SegoeUI-Bold-Italic.ttf in Resources */ = {isa = PBXBuildFile; fileRef = CE452DEF2BA38172004D9F61 /* SegoeUI-Bold-Italic.ttf */; };
		CE452DF42BA38173004D9F61 /* SegoeUI-Bold.ttf in Resources */ = {isa = PBXBuildFile; fileRef = CE452DF02BA38172004D9F61 /* SegoeUI-Bold.ttf */; };
		CE452DF52BA38173004D9F61 /* SegoeUI-Italic.ttf in Resources */ = {isa = PBXBuildFile; fileRef = CE452DF12BA38173004D9F61 /* SegoeUI-Italic.ttf */; };
		CE5BA4C82A97AAB300449C0A /* UIViewController+.swift in Sources */ = {isa = PBXBuildFile; fileRef = CE5BA4C72A97AAB300449C0A /* UIViewController+.swift */; };
		CE5BA4CB2A97ABC500449C0A /* RegisterNameView.swift in Sources */ = {isa = PBXBuildFile; fileRef = CE5BA4CA2A97ABC500449C0A /* RegisterNameView.swift */; };
		CE5BA4CD2A97ABD100449C0A /* RegisterNameViewController.swift in Sources */ = {isa = PBXBuildFile; fileRef = CE5BA4CC2A97ABD100449C0A /* RegisterNameViewController.swift */; };
		CE5BA4D12A97E99A00449C0A /* LoginViewModel.swift in Sources */ = {isa = PBXBuildFile; fileRef = CE5BA4D02A97E99A00449C0A /* LoginViewModel.swift */; };
		CE5BA4DD2A97EF4200449C0A /* RegisterPasswordViewModel.swift in Sources */ = {isa = PBXBuildFile; fileRef = CE5BA4DC2A97EF4200449C0A /* RegisterPasswordViewModel.swift */; };
		CE5BA4E02A97EFB800449C0A /* Users.swift in Sources */ = {isa = PBXBuildFile; fileRef = CE5BA4DF2A97EFB800449C0A /* Users.swift */; };
		CE5D57E72AFE980E00FA99BA /* HomeCoordinatoor.swift in Sources */ = {isa = PBXBuildFile; fileRef = CE5D57E62AFE980E00FA99BA /* HomeCoordinatoor.swift */; };
		CE5D57E92AFEA0CF00FA99BA /* LoginFactory.swift in Sources */ = {isa = PBXBuildFile; fileRef = CE5D57E82AFEA0CF00FA99BA /* LoginFactory.swift */; };
		CE5D57EB2AFEA2D400FA99BA /* LoginCoordinatoor.swift in Sources */ = {isa = PBXBuildFile; fileRef = CE5D57EA2AFEA2D400FA99BA /* LoginCoordinatoor.swift */; };
		CE5D57ED2AFEAF6700FA99BA /* RegisterNameCoodinator.swift in Sources */ = {isa = PBXBuildFile; fileRef = CE5D57EC2AFEAF6700FA99BA /* RegisterNameCoodinator.swift */; };
		CE5D57EF2AFEAF7500FA99BA /* RegisterNameFactory.swift in Sources */ = {isa = PBXBuildFile; fileRef = CE5D57EE2AFEAF7500FA99BA /* RegisterNameFactory.swift */; };
		CE5F7F622AD048EA00410BFF /* CustomCollectionCell.swift in Sources */ = {isa = PBXBuildFile; fileRef = CE5F7F612AD048EA00410BFF /* CustomCollectionCell.swift */; };
		CE5F7F642AD0491F00410BFF /* CollectionCellView.swift in Sources */ = {isa = PBXBuildFile; fileRef = CE5F7F632AD0491F00410BFF /* CollectionCellView.swift */; };
		CE60339C2B562B9400A418A8 /* ExtractSpies.swift in Sources */ = {isa = PBXBuildFile; fileRef = CE60339B2B562B9400A418A8 /* ExtractSpies.swift */; };
		CE60339E2B562C9600A418A8 /* ScreenPixSpies.swift in Sources */ = {isa = PBXBuildFile; fileRef = CE60339D2B562C9600A418A8 /* ScreenPixSpies.swift */; };
		CE6033A02B562CD800A418A8 /* RegisterSpies.swift in Sources */ = {isa = PBXBuildFile; fileRef = CE60339F2B562CD800A418A8 /* RegisterSpies.swift */; };
		CE6033A22B562CF800A418A8 /* HomeSpies.swift in Sources */ = {isa = PBXBuildFile; fileRef = CE6033A12B562CF800A418A8 /* HomeSpies.swift */; };
		CE6033A42B562D1F00A418A8 /* LoginSpies.swift in Sources */ = {isa = PBXBuildFile; fileRef = CE6033A32B562D1F00A418A8 /* LoginSpies.swift */; };
		CE633DF92B0E355D000CFA4D /* HomeViewModel.swift in Sources */ = {isa = PBXBuildFile; fileRef = CE633DF82B0E355D000CFA4D /* HomeViewModel.swift */; };
		CE6B6C7F2BA3473F002DAA9E /* FirebaseAuth in Frameworks */ = {isa = PBXBuildFile; productRef = CE6B6C7E2BA3473F002DAA9E /* FirebaseAuth */; };
		CE6B6C812BA3474B002DAA9E /* FirebaseFirestore in Frameworks */ = {isa = PBXBuildFile; productRef = CE6B6C802BA3474B002DAA9E /* FirebaseFirestore */; };
		CE6D10AB2AD59C7D00EFD5E7 /* Color+.swift in Sources */ = {isa = PBXBuildFile; fileRef = CE6D10AA2AD59C7D00EFD5E7 /* Color+.swift */; };
		CE6D10AE2AD5A06300EFD5E7 /* ProductsViewCell.swift in Sources */ = {isa = PBXBuildFile; fileRef = CE6D10AD2AD5A06300EFD5E7 /* ProductsViewCell.swift */; };
		CE6D10B02AD5A07900EFD5E7 /* CustomProductsTableViewCell.swift in Sources */ = {isa = PBXBuildFile; fileRef = CE6D10AF2AD5A07900EFD5E7 /* CustomProductsTableViewCell.swift */; };
		CE6D10B42AD602B800EFD5E7 /* OptionsTableView.swift in Sources */ = {isa = PBXBuildFile; fileRef = CE6D10B32AD602B800EFD5E7 /* OptionsTableView.swift */; };
		CE6F211C2A98F663000B1B01 /* HomeView.swift in Sources */ = {isa = PBXBuildFile; fileRef = CE6F211B2A98F663000B1B01 /* HomeView.swift */; };
		CE6F211E2A98F674000B1B01 /* HomeViewController.swift in Sources */ = {isa = PBXBuildFile; fileRef = CE6F211D2A98F674000B1B01 /* HomeViewController.swift */; };
		CE6F21252A99227E000B1B01 /* StatementCellView.swift in Sources */ = {isa = PBXBuildFile; fileRef = CE6F21242A99227E000B1B01 /* StatementCellView.swift */; };
		CE6F21272A99229C000B1B01 /* CustomStatementTableViewCell.swift in Sources */ = {isa = PBXBuildFile; fileRef = CE6F21262A99229C000B1B01 /* CustomStatementTableViewCell.swift */; };
		CE7D981D2BADD94600A7EC39 /* CustomViewHorizontalButton.swift in Sources */ = {isa = PBXBuildFile; fileRef = CE7D981C2BADD94600A7EC39 /* CustomViewHorizontalButton.swift */; };
		CE7D981F2BAE00CA00A7EC39 /* PixViewModel.swift in Sources */ = {isa = PBXBuildFile; fileRef = CE7D981E2BAE00CA00A7EC39 /* PixViewModel.swift */; };
		CE7D98212BAE017100A7EC39 /* PixViewController.swift in Sources */ = {isa = PBXBuildFile; fileRef = CE7D98202BAE017100A7EC39 /* PixViewController.swift */; };
		CE7D98232BAE042D00A7EC39 /* WalletCoordinator.swift in Sources */ = {isa = PBXBuildFile; fileRef = CE7D98222BAE042D00A7EC39 /* WalletCoordinator.swift */; };
		CE7D98252BAE05B700A7EC39 /* InsertMoneyCoordinator.swift in Sources */ = {isa = PBXBuildFile; fileRef = CE7D98242BAE05B700A7EC39 /* InsertMoneyCoordinator.swift */; };
		CE8F9D6E2BA4E833002AA060 /* RegisterPasswordView.swift in Sources */ = {isa = PBXBuildFile; fileRef = CE8F9D6D2BA4E833002AA060 /* RegisterPasswordView.swift */; };
		CE8F9D702BA4E8A0002AA060 /* CustomViewRegisterPassword.swift in Sources */ = {isa = PBXBuildFile; fileRef = CE8F9D6F2BA4E8A0002AA060 /* CustomViewRegisterPassword.swift */; };
		CE8F9D722BA4EC38002AA060 /* RegisterPasswordViewController.swift in Sources */ = {isa = PBXBuildFile; fileRef = CE8F9D712BA4EC38002AA060 /* RegisterPasswordViewController.swift */; };
		CE8F9D742BA4EE3A002AA060 /* RegisterPasswordCoordinator.swift in Sources */ = {isa = PBXBuildFile; fileRef = CE8F9D732BA4EE3A002AA060 /* RegisterPasswordCoordinator.swift */; };
		CE8F9D772BA89E3B002AA060 /* RegisterToAnalyseView.swift in Sources */ = {isa = PBXBuildFile; fileRef = CE8F9D762BA89E3B002AA060 /* RegisterToAnalyseView.swift */; };
		CE8F9D792BA89E52002AA060 /* RegisterToAnalyseViewController.swift in Sources */ = {isa = PBXBuildFile; fileRef = CE8F9D782BA89E52002AA060 /* RegisterToAnalyseViewController.swift */; };
		CE8F9D7B2BA8A3CA002AA060 /* RegisterToAnalyseFactory.swift in Sources */ = {isa = PBXBuildFile; fileRef = CE8F9D7A2BA8A3CA002AA060 /* RegisterToAnalyseFactory.swift */; };
		CE8F9D7D2BA8A3E8002AA060 /* RegisterToAnalyseCoordinator.swift in Sources */ = {isa = PBXBuildFile; fileRef = CE8F9D7C2BA8A3E8002AA060 /* RegisterToAnalyseCoordinator.swift */; };
		CE8F9D7F2BA8B07A002AA060 /* RegisterPasswordFactory.swift in Sources */ = {isa = PBXBuildFile; fileRef = CE8F9D7E2BA8B07A002AA060 /* RegisterPasswordFactory.swift */; };
		CE9032672B518F9400ABE254 /* LoginViewModelTests.swift in Sources */ = {isa = PBXBuildFile; fileRef = CE9032662B518F9400ABE254 /* LoginViewModelTests.swift */; };
		CE90326C2B51A37A00ABE254 /* HomeViewModelTests.swift in Sources */ = {isa = PBXBuildFile; fileRef = CE90326B2B51A37A00ABE254 /* HomeViewModelTests.swift */; };
		CE94EBE62BA3C72900316987 /* CustomViewLogin.swift in Sources */ = {isa = PBXBuildFile; fileRef = CE94EBE52BA3C72900316987 /* CustomViewLogin.swift */; };
		CE94EBE82BA3D0C500316987 /* CustomViewRegisterName.swift in Sources */ = {isa = PBXBuildFile; fileRef = CE94EBE72BA3D0C500316987 /* CustomViewRegisterName.swift */; };
		CEA6DC8B2A9CF280004722AF /* ExtratcModel.swift in Sources */ = {isa = PBXBuildFile; fileRef = CEA6DC8A2A9CF280004722AF /* ExtratcModel.swift */; };
		CEA6DC8D2A9CFF22004722AF /* ServiceViewModel.swift in Sources */ = {isa = PBXBuildFile; fileRef = CEA6DC8C2A9CFF22004722AF /* ServiceViewModel.swift */; };
		CEA6DC902A9D27CB004722AF /* String+.swift in Sources */ = {isa = PBXBuildFile; fileRef = CEA6DC8F2A9D27CB004722AF /* String+.swift */; };
		CEAC14B62AA13B8E00A56C7C /* ApiStatement.swift in Sources */ = {isa = PBXBuildFile; fileRef = CEAC14B52AA13B8E00A56C7C /* ApiStatement.swift */; };
		CEDDC80D2BA9F022001A0173 /* WalletViewController.swift in Sources */ = {isa = PBXBuildFile; fileRef = CEDDC80C2BA9F022001A0173 /* WalletViewController.swift */; };
		CEDDC80F2BA9F030001A0173 /* WalletView.swift in Sources */ = {isa = PBXBuildFile; fileRef = CEDDC80E2BA9F030001A0173 /* WalletView.swift */; };
		CEDDC8112BA9F04B001A0173 /* WalletFactory.swift in Sources */ = {isa = PBXBuildFile; fileRef = CEDDC8102BA9F04B001A0173 /* WalletFactory.swift */; };
		CEDDC8132BAA6E65001A0173 /* CustomViewButton.swift in Sources */ = {isa = PBXBuildFile; fileRef = CEDDC8122BAA6E65001A0173 /* CustomViewButton.swift */; };
		CEE2F2642BA4CFDD00362BB0 /* RegisterEmailView.swift in Sources */ = {isa = PBXBuildFile; fileRef = CEE2F2632BA4CFDD00362BB0 /* RegisterEmailView.swift */; };
		CEE2F2662BA4D0B800362BB0 /* CustomViewRegisterEmail.swift in Sources */ = {isa = PBXBuildFile; fileRef = CEE2F2652BA4D0B800362BB0 /* CustomViewRegisterEmail.swift */; };
		CEE2F2682BA4D1F000362BB0 /* RegisterEmailViewController.swift in Sources */ = {isa = PBXBuildFile; fileRef = CEE2F2672BA4D1F000362BB0 /* RegisterEmailViewController.swift */; };
		CEE2F26A2BA4D38600362BB0 /* RegisterEmailFactory.swift in Sources */ = {isa = PBXBuildFile; fileRef = CEE2F2692BA4D38600362BB0 /* RegisterEmailFactory.swift */; };
		CEE2F26C2BA4D39600362BB0 /* RegisterEmailCoordinator.swift in Sources */ = {isa = PBXBuildFile; fileRef = CEE2F26B2BA4D39600362BB0 /* RegisterEmailCoordinator.swift */; };
		CEE734BC2A9E5F6B002320DB /* FormatterNumber.swift in Sources */ = {isa = PBXBuildFile; fileRef = CEE734BB2A9E5F6B002320DB /* FormatterNumber.swift */; };
		CEE734C92A9E9D30002320DB /* ProductsView.swift in Sources */ = {isa = PBXBuildFile; fileRef = CEE734C82A9E9D30002320DB /* ProductsView.swift */; };
		CEE734CB2A9E9D3A002320DB /* ProductsViewController.swift in Sources */ = {isa = PBXBuildFile; fileRef = CEE734CA2A9E9D3A002320DB /* ProductsViewController.swift */; };
		DF90E57C8BD739FB9CF07811 /* Pods_AppBankTests.framework in Frameworks */ = {isa = PBXBuildFile; fileRef = 811A1BF2CC6E9846DD5B197E /* Pods_AppBankTests.framework */; };
/* End PBXBuildFile section */

/* Begin PBXContainerItemProxy section */
		CE1DCF032A97004900E3CC3E /* PBXContainerItemProxy */ = {
			isa = PBXContainerItemProxy;
			containerPortal = CE1DCEE42A97004400E3CC3E /* Project object */;
			proxyType = 1;
			remoteGlobalIDString = CE1DCEEB2A97004400E3CC3E;
			remoteInfo = Itubers;
		};
		CE1DCF0D2A97004900E3CC3E /* PBXContainerItemProxy */ = {
			isa = PBXContainerItemProxy;
			containerPortal = CE1DCEE42A97004400E3CC3E /* Project object */;
			proxyType = 1;
			remoteGlobalIDString = CE1DCEEB2A97004400E3CC3E;
			remoteInfo = Itubers;
		};
/* End PBXContainerItemProxy section */

/* Begin PBXFileReference section */
		2662D6C632BB774AB78F69FC /* Pods-Itubers-ItubersUITests.release.xcconfig */ = {isa = PBXFileReference; includeInIndex = 1; lastKnownFileType = text.xcconfig; name = "Pods-Itubers-ItubersUITests.release.xcconfig"; path = "Target Support Files/Pods-Itubers-ItubersUITests/Pods-Itubers-ItubersUITests.release.xcconfig"; sourceTree = "<group>"; };
		52D5A020203C32F5216C41E2 /* Pods-Itubers-ItubersUITests.debug.xcconfig */ = {isa = PBXFileReference; includeInIndex = 1; lastKnownFileType = text.xcconfig; name = "Pods-Itubers-ItubersUITests.debug.xcconfig"; path = "Target Support Files/Pods-Itubers-ItubersUITests/Pods-Itubers-ItubersUITests.debug.xcconfig"; sourceTree = "<group>"; };
		60990546D06C3A8785443F52 /* Pods_AppBank.framework */ = {isa = PBXFileReference; explicitFileType = wrapper.framework; includeInIndex = 0; path = Pods_AppBank.framework; sourceTree = BUILT_PRODUCTS_DIR; };
		696EE36C91E2F28F42DEF894 /* Pods-Itubers.release.xcconfig */ = {isa = PBXFileReference; includeInIndex = 1; lastKnownFileType = text.xcconfig; name = "Pods-Itubers.release.xcconfig"; path = "Target Support Files/Pods-Itubers/Pods-Itubers.release.xcconfig"; sourceTree = "<group>"; };
		6B0EA43793D0209308F9197A /* Pods_AppBank_AppBankUITests.framework */ = {isa = PBXFileReference; explicitFileType = wrapper.framework; includeInIndex = 0; path = Pods_AppBank_AppBankUITests.framework; sourceTree = BUILT_PRODUCTS_DIR; };
		811A1BF2CC6E9846DD5B197E /* Pods_AppBankTests.framework */ = {isa = PBXFileReference; explicitFileType = wrapper.framework; includeInIndex = 0; path = Pods_AppBankTests.framework; sourceTree = BUILT_PRODUCTS_DIR; };
		89A6833F941054A1E8D7D8A7 /* Pods-AppBankTests.release.xcconfig */ = {isa = PBXFileReference; includeInIndex = 1; lastKnownFileType = text.xcconfig; name = "Pods-AppBankTests.release.xcconfig"; path = "Target Support Files/Pods-AppBankTests/Pods-AppBankTests.release.xcconfig"; sourceTree = "<group>"; };
		A8A51C4D26009451B5E74810 /* Pods-AppBank-AppBankUITests.debug.xcconfig */ = {isa = PBXFileReference; includeInIndex = 1; lastKnownFileType = text.xcconfig; name = "Pods-AppBank-AppBankUITests.debug.xcconfig"; path = "Target Support Files/Pods-AppBank-AppBankUITests/Pods-AppBank-AppBankUITests.debug.xcconfig"; sourceTree = "<group>"; };
		AF8B04EF5BA56116FF957D64 /* Pods-AppBank.debug.xcconfig */ = {isa = PBXFileReference; includeInIndex = 1; lastKnownFileType = text.xcconfig; name = "Pods-AppBank.debug.xcconfig"; path = "Target Support Files/Pods-AppBank/Pods-AppBank.debug.xcconfig"; sourceTree = "<group>"; };
		B096BF502BBA353DB97C2989 /* Pods-ItubersTests.debug.xcconfig */ = {isa = PBXFileReference; includeInIndex = 1; lastKnownFileType = text.xcconfig; name = "Pods-ItubersTests.debug.xcconfig"; path = "Target Support Files/Pods-ItubersTests/Pods-ItubersTests.debug.xcconfig"; sourceTree = "<group>"; };
		BAEECA456012D52C42661D59 /* Pods-AppBankTests.debug.xcconfig */ = {isa = PBXFileReference; includeInIndex = 1; lastKnownFileType = text.xcconfig; name = "Pods-AppBankTests.debug.xcconfig"; path = "Target Support Files/Pods-AppBankTests/Pods-AppBankTests.debug.xcconfig"; sourceTree = "<group>"; };
		C8AC14F57A3A1BBC828B90BA /* Pods-Itubers.debug.xcconfig */ = {isa = PBXFileReference; includeInIndex = 1; lastKnownFileType = text.xcconfig; name = "Pods-Itubers.debug.xcconfig"; path = "Target Support Files/Pods-Itubers/Pods-Itubers.debug.xcconfig"; sourceTree = "<group>"; };
		CE016E782AE317A10098F992 /* InsertMoneyView.swift */ = {isa = PBXFileReference; lastKnownFileType = sourcecode.swift; path = InsertMoneyView.swift; sourceTree = "<group>"; };
		CE016E7C2AE317CB0098F992 /* InsertMoneyViewController.swift */ = {isa = PBXFileReference; lastKnownFileType = sourcecode.swift; path = InsertMoneyViewController.swift; sourceTree = "<group>"; };
		CE0EF1152AFBBE8D00ED76B7 /* HomeFactory.swift */ = {isa = PBXFileReference; lastKnownFileType = sourcecode.swift; path = HomeFactory.swift; sourceTree = "<group>"; };
		CE1B474D2A97FF8200056914 /* AuthenticatorFirebase.swift */ = {isa = PBXFileReference; lastKnownFileType = sourcecode.swift; path = AuthenticatorFirebase.swift; sourceTree = "<group>"; };
		CE1C4AD62A984E0C00AEA219 /* Alert.swift */ = {isa = PBXFileReference; lastKnownFileType = sourcecode.swift; path = Alert.swift; sourceTree = "<group>"; };
		CE1DCEEC2A97004400E3CC3E /* AppBank.app */ = {isa = PBXFileReference; explicitFileType = wrapper.application; includeInIndex = 0; path = AppBank.app; sourceTree = BUILT_PRODUCTS_DIR; };
		CE1DCEEF2A97004400E3CC3E /* AppDelegate.swift */ = {isa = PBXFileReference; lastKnownFileType = sourcecode.swift; path = AppDelegate.swift; sourceTree = "<group>"; };
		CE1DCEF12A97004400E3CC3E /* SceneDelegate.swift */ = {isa = PBXFileReference; lastKnownFileType = sourcecode.swift; path = SceneDelegate.swift; sourceTree = "<group>"; };
		CE1DCEF82A97004800E3CC3E /* Assets.xcassets */ = {isa = PBXFileReference; lastKnownFileType = folder.assetcatalog; path = Assets.xcassets; sourceTree = "<group>"; };
		CE1DCEFB2A97004800E3CC3E /* Base */ = {isa = PBXFileReference; lastKnownFileType = file.storyboard; name = Base; path = Base.lproj/LaunchScreen.storyboard; sourceTree = "<group>"; };
		CE1DCEFD2A97004800E3CC3E /* Info.plist */ = {isa = PBXFileReference; lastKnownFileType = text.plist.xml; path = Info.plist; sourceTree = "<group>"; };
		CE1DCF022A97004900E3CC3E /* AppBankTests.xctest */ = {isa = PBXFileReference; explicitFileType = wrapper.cfbundle; includeInIndex = 0; path = AppBankTests.xctest; sourceTree = BUILT_PRODUCTS_DIR; };
		CE1DCF0C2A97004900E3CC3E /* AppBankUITests.xctest */ = {isa = PBXFileReference; explicitFileType = wrapper.cfbundle; includeInIndex = 0; path = AppBankUITests.xctest; sourceTree = BUILT_PRODUCTS_DIR; };
		CE1DCF102A97004900E3CC3E /* AppBankTestsUITests.swift */ = {isa = PBXFileReference; lastKnownFileType = sourcecode.swift; path = AppBankTestsUITests.swift; sourceTree = "<group>"; };
		CE1DCF122A97004900E3CC3E /* AppBankTestsUITestsLaunchTests.swift */ = {isa = PBXFileReference; lastKnownFileType = sourcecode.swift; path = AppBankTestsUITestsLaunchTests.swift; sourceTree = "<group>"; };
		CE1DCF232A97012300E3CC3E /* LoginViewController.swift */ = {isa = PBXFileReference; lastKnownFileType = sourcecode.swift; path = LoginViewController.swift; sourceTree = "<group>"; };
		CE1DCF252A97012E00E3CC3E /* LoginView.swift */ = {isa = PBXFileReference; lastKnownFileType = sourcecode.swift; path = LoginView.swift; sourceTree = "<group>"; };
		CE1DCF2F2A97074B00E3CC3E /* TextFieldDefault.swift */ = {isa = PBXFileReference; lastKnownFileType = sourcecode.swift; path = TextFieldDefault.swift; sourceTree = "<group>"; };
		CE1DCF312A9709D400E3CC3E /* ButtonDefault.swift */ = {isa = PBXFileReference; lastKnownFileType = sourcecode.swift; path = ButtonDefault.swift; sourceTree = "<group>"; };
		CE1FF8FD2B03A9D30021F67B /* ProductsCoordinator.swift */ = {isa = PBXFileReference; lastKnownFileType = sourcecode.swift; path = ProductsCoordinator.swift; sourceTree = "<group>"; };
		CE1FF8FF2B03A9E50021F67B /* ProductsFactory.swift */ = {isa = PBXFileReference; lastKnownFileType = sourcecode.swift; path = ProductsFactory.swift; sourceTree = "<group>"; };
		CE1FF9012B03AE7A0021F67B /* InsertMoneyFactory.swift */ = {isa = PBXFileReference; lastKnownFileType = sourcecode.swift; path = InsertMoneyFactory.swift; sourceTree = "<group>"; };
		CE20FC522AA6273F00727585 /* TransactionsViewModel.swift */ = {isa = PBXFileReference; lastKnownFileType = sourcecode.swift; path = TransactionsViewModel.swift; sourceTree = "<group>"; };
		CE270B262BAB2A99008CEEA9 /* CustomBalanceView.swift */ = {isa = PBXFileReference; lastKnownFileType = sourcecode.swift; path = CustomBalanceView.swift; sourceTree = "<group>"; };
		CE270B292BAB2B55008CEEA9 /* TransactionsViewController.swift */ = {isa = PBXFileReference; lastKnownFileType = sourcecode.swift; path = TransactionsViewController.swift; sourceTree = "<group>"; };
		CE270B2B2BAB2BFE008CEEA9 /* TransactionsView.swift */ = {isa = PBXFileReference; lastKnownFileType = sourcecode.swift; path = TransactionsView.swift; sourceTree = "<group>"; };
		CE270B2D2BAB2C0C008CEEA9 /* TransactionsFactory.swift */ = {isa = PBXFileReference; lastKnownFileType = sourcecode.swift; path = TransactionsFactory.swift; sourceTree = "<group>"; };
		CE270B322BAC7464008CEEA9 /* CreditCardView.swift */ = {isa = PBXFileReference; lastKnownFileType = sourcecode.swift; path = CreditCardView.swift; sourceTree = "<group>"; };
		CE270B342BAC7470008CEEA9 /* CreditCardViewController.swift */ = {isa = PBXFileReference; lastKnownFileType = sourcecode.swift; path = CreditCardViewController.swift; sourceTree = "<group>"; };
		CE270B362BAC7484008CEEA9 /* CreditCardFactory.swift */ = {isa = PBXFileReference; lastKnownFileType = sourcecode.swift; path = CreditCardFactory.swift; sourceTree = "<group>"; };
		CE270B382BAC75CC008CEEA9 /* CustomBlockedCardView.swift */ = {isa = PBXFileReference; lastKnownFileType = sourcecode.swift; path = CustomBlockedCardView.swift; sourceTree = "<group>"; };
		CE270B3A2BAC7BDE008CEEA9 /* CustomImageCreditCard.swift */ = {isa = PBXFileReference; lastKnownFileType = sourcecode.swift; path = CustomImageCreditCard.swift; sourceTree = "<group>"; };
		CE270B3C2BACA6A8008CEEA9 /* SimpleScrollView.swift */ = {isa = PBXFileReference; lastKnownFileType = sourcecode.swift; path = SimpleScrollView.swift; sourceTree = "<group>"; };
		CE270B3F2BACC3FD008CEEA9 /* MyDataView.swift */ = {isa = PBXFileReference; lastKnownFileType = sourcecode.swift; path = MyDataView.swift; sourceTree = "<group>"; };
		CE270B412BACC407008CEEA9 /* MyDataViewController.swift */ = {isa = PBXFileReference; lastKnownFileType = sourcecode.swift; path = MyDataViewController.swift; sourceTree = "<group>"; };
		CE270B432BACC412008CEEA9 /* MyDataFactory.swift */ = {isa = PBXFileReference; lastKnownFileType = sourcecode.swift; path = MyDataFactory.swift; sourceTree = "<group>"; };
		CE270B452BACC85C008CEEA9 /* CustomLogoutViewButton.swift */ = {isa = PBXFileReference; lastKnownFileType = sourcecode.swift; path = CustomLogoutViewButton.swift; sourceTree = "<group>"; };
		CE270CDA2A98172C00E69BF1 /* GoogleService-Info.plist */ = {isa = PBXFileReference; fileEncoding = 4; lastKnownFileType = text.plist.xml; path = "GoogleService-Info.plist"; sourceTree = "<group>"; };
		CE2F3B892B55E54400F68503 /* ViewCodeUIView.swift */ = {isa = PBXFileReference; lastKnownFileType = sourcecode.swift; path = ViewCodeUIView.swift; sourceTree = "<group>"; };
		CE43618A2B51BC55009751C0 /* AppBankTests-Bridging-Header.h */ = {isa = PBXFileReference; fileEncoding = 4; lastKnownFileType = sourcecode.c.h; path = "AppBankTests-Bridging-Header.h"; sourceTree = "<group>"; };
		CE43618C2B51CC72009751C0 /* RegisterViewModelTests.swift */ = {isa = PBXFileReference; lastKnownFileType = sourcecode.swift; path = RegisterViewModelTests.swift; sourceTree = "<group>"; };
		CE43618F2B51D262009751C0 /* ScreenPixViewModelTests.swift */ = {isa = PBXFileReference; lastKnownFileType = sourcecode.swift; path = ScreenPixViewModelTests.swift; sourceTree = "<group>"; };
		CE4361922B51D77E009751C0 /* ExtractViewModelTests.swift */ = {isa = PBXFileReference; lastKnownFileType = sourcecode.swift; path = ExtractViewModelTests.swift; sourceTree = "<group>"; };
		CE452DE02BA37AC2004D9F61 /* Comfortaa-Bold.ttf */ = {isa = PBXFileReference; lastKnownFileType = file; path = "Comfortaa-Bold.ttf"; sourceTree = "<group>"; };
		CE452DE12BA37AC2004D9F61 /* Comfortaa-Light.ttf */ = {isa = PBXFileReference; lastKnownFileType = file; path = "Comfortaa-Light.ttf"; sourceTree = "<group>"; };
		CE452DE22BA37AC3004D9F61 /* Comfortaa-Medium.ttf */ = {isa = PBXFileReference; lastKnownFileType = file; path = "Comfortaa-Medium.ttf"; sourceTree = "<group>"; };
		CE452DE32BA37AC3004D9F61 /* Comfortaa-SemiBold.ttf */ = {isa = PBXFileReference; lastKnownFileType = file; path = "Comfortaa-SemiBold.ttf"; sourceTree = "<group>"; };
		CE452DE42BA37AC4004D9F61 /* Comfortaa-Regular.ttf */ = {isa = PBXFileReference; lastKnownFileType = file; path = "Comfortaa-Regular.ttf"; sourceTree = "<group>"; };
		CE452DEA2BA37C6D004D9F61 /* Fonts+.swift */ = {isa = PBXFileReference; lastKnownFileType = sourcecode.swift; path = "Fonts+.swift"; sourceTree = "<group>"; };
		CE452DEE2BA38171004D9F61 /* SegoeUI.ttf */ = {isa = PBXFileReference; lastKnownFileType = file; path = SegoeUI.ttf; sourceTree = "<group>"; };
		CE452DEF2BA38172004D9F61 /* SegoeUI-Bold-Italic.ttf */ = {isa = PBXFileReference; lastKnownFileType = file; path = "SegoeUI-Bold-Italic.ttf"; sourceTree = "<group>"; };
		CE452DF02BA38172004D9F61 /* SegoeUI-Bold.ttf */ = {isa = PBXFileReference; lastKnownFileType = file; path = "SegoeUI-Bold.ttf"; sourceTree = "<group>"; };
		CE452DF12BA38173004D9F61 /* SegoeUI-Italic.ttf */ = {isa = PBXFileReference; lastKnownFileType = file; path = "SegoeUI-Italic.ttf"; sourceTree = "<group>"; };
		CE5BA4C72A97AAB300449C0A /* UIViewController+.swift */ = {isa = PBXFileReference; lastKnownFileType = sourcecode.swift; path = "UIViewController+.swift"; sourceTree = "<group>"; };
		CE5BA4CA2A97ABC500449C0A /* RegisterNameView.swift */ = {isa = PBXFileReference; lastKnownFileType = sourcecode.swift; path = RegisterNameView.swift; sourceTree = "<group>"; };
		CE5BA4CC2A97ABD100449C0A /* RegisterNameViewController.swift */ = {isa = PBXFileReference; lastKnownFileType = sourcecode.swift; path = RegisterNameViewController.swift; sourceTree = "<group>"; };
		CE5BA4D02A97E99A00449C0A /* LoginViewModel.swift */ = {isa = PBXFileReference; lastKnownFileType = sourcecode.swift; path = LoginViewModel.swift; sourceTree = "<group>"; };
		CE5BA4DC2A97EF4200449C0A /* RegisterPasswordViewModel.swift */ = {isa = PBXFileReference; lastKnownFileType = sourcecode.swift; path = RegisterPasswordViewModel.swift; sourceTree = "<group>"; };
		CE5BA4DF2A97EFB800449C0A /* Users.swift */ = {isa = PBXFileReference; lastKnownFileType = sourcecode.swift; path = Users.swift; sourceTree = "<group>"; };
		CE5D57E62AFE980E00FA99BA /* HomeCoordinatoor.swift */ = {isa = PBXFileReference; lastKnownFileType = sourcecode.swift; path = HomeCoordinatoor.swift; sourceTree = "<group>"; };
		CE5D57E82AFEA0CF00FA99BA /* LoginFactory.swift */ = {isa = PBXFileReference; lastKnownFileType = sourcecode.swift; path = LoginFactory.swift; sourceTree = "<group>"; };
		CE5D57EA2AFEA2D400FA99BA /* LoginCoordinatoor.swift */ = {isa = PBXFileReference; lastKnownFileType = sourcecode.swift; path = LoginCoordinatoor.swift; sourceTree = "<group>"; };
		CE5D57EC2AFEAF6700FA99BA /* RegisterNameCoodinator.swift */ = {isa = PBXFileReference; lastKnownFileType = sourcecode.swift; path = RegisterNameCoodinator.swift; sourceTree = "<group>"; };
		CE5D57EE2AFEAF7500FA99BA /* RegisterNameFactory.swift */ = {isa = PBXFileReference; lastKnownFileType = sourcecode.swift; path = RegisterNameFactory.swift; sourceTree = "<group>"; };
		CE5F7F612AD048EA00410BFF /* CustomCollectionCell.swift */ = {isa = PBXFileReference; lastKnownFileType = sourcecode.swift; path = CustomCollectionCell.swift; sourceTree = "<group>"; };
		CE5F7F632AD0491F00410BFF /* CollectionCellView.swift */ = {isa = PBXFileReference; lastKnownFileType = sourcecode.swift; path = CollectionCellView.swift; sourceTree = "<group>"; };
		CE60339B2B562B9400A418A8 /* ExtractSpies.swift */ = {isa = PBXFileReference; lastKnownFileType = sourcecode.swift; path = ExtractSpies.swift; sourceTree = "<group>"; };
		CE60339D2B562C9600A418A8 /* ScreenPixSpies.swift */ = {isa = PBXFileReference; lastKnownFileType = sourcecode.swift; path = ScreenPixSpies.swift; sourceTree = "<group>"; };
		CE60339F2B562CD800A418A8 /* RegisterSpies.swift */ = {isa = PBXFileReference; lastKnownFileType = sourcecode.swift; path = RegisterSpies.swift; sourceTree = "<group>"; };
		CE6033A12B562CF800A418A8 /* HomeSpies.swift */ = {isa = PBXFileReference; lastKnownFileType = sourcecode.swift; path = HomeSpies.swift; sourceTree = "<group>"; };
		CE6033A32B562D1F00A418A8 /* LoginSpies.swift */ = {isa = PBXFileReference; lastKnownFileType = sourcecode.swift; path = LoginSpies.swift; sourceTree = "<group>"; };
		CE633DF82B0E355D000CFA4D /* HomeViewModel.swift */ = {isa = PBXFileReference; lastKnownFileType = sourcecode.swift; path = HomeViewModel.swift; sourceTree = "<group>"; };
		CE6D10AA2AD59C7D00EFD5E7 /* Color+.swift */ = {isa = PBXFileReference; lastKnownFileType = sourcecode.swift; path = "Color+.swift"; sourceTree = "<group>"; };
		CE6D10AD2AD5A06300EFD5E7 /* ProductsViewCell.swift */ = {isa = PBXFileReference; lastKnownFileType = sourcecode.swift; path = ProductsViewCell.swift; sourceTree = "<group>"; };
		CE6D10AF2AD5A07900EFD5E7 /* CustomProductsTableViewCell.swift */ = {isa = PBXFileReference; lastKnownFileType = sourcecode.swift; path = CustomProductsTableViewCell.swift; sourceTree = "<group>"; };
		CE6D10B32AD602B800EFD5E7 /* OptionsTableView.swift */ = {isa = PBXFileReference; lastKnownFileType = sourcecode.swift; path = OptionsTableView.swift; sourceTree = "<group>"; };
		CE6F211B2A98F663000B1B01 /* HomeView.swift */ = {isa = PBXFileReference; lastKnownFileType = sourcecode.swift; path = HomeView.swift; sourceTree = "<group>"; };
		CE6F211D2A98F674000B1B01 /* HomeViewController.swift */ = {isa = PBXFileReference; lastKnownFileType = sourcecode.swift; path = HomeViewController.swift; sourceTree = "<group>"; };
		CE6F21242A99227E000B1B01 /* StatementCellView.swift */ = {isa = PBXFileReference; lastKnownFileType = sourcecode.swift; path = StatementCellView.swift; sourceTree = "<group>"; };
		CE6F21262A99229C000B1B01 /* CustomStatementTableViewCell.swift */ = {isa = PBXFileReference; lastKnownFileType = sourcecode.swift; path = CustomStatementTableViewCell.swift; sourceTree = "<group>"; };
		CE7D981C2BADD94600A7EC39 /* CustomViewHorizontalButton.swift */ = {isa = PBXFileReference; lastKnownFileType = sourcecode.swift; path = CustomViewHorizontalButton.swift; sourceTree = "<group>"; };
		CE7D981E2BAE00CA00A7EC39 /* PixViewModel.swift */ = {isa = PBXFileReference; lastKnownFileType = sourcecode.swift; path = PixViewModel.swift; sourceTree = "<group>"; };
		CE7D98202BAE017100A7EC39 /* PixViewController.swift */ = {isa = PBXFileReference; lastKnownFileType = sourcecode.swift; path = PixViewController.swift; sourceTree = "<group>"; };
		CE7D98222BAE042D00A7EC39 /* WalletCoordinator.swift */ = {isa = PBXFileReference; lastKnownFileType = sourcecode.swift; path = WalletCoordinator.swift; sourceTree = "<group>"; };
		CE7D98242BAE05B700A7EC39 /* InsertMoneyCoordinator.swift */ = {isa = PBXFileReference; lastKnownFileType = sourcecode.swift; path = InsertMoneyCoordinator.swift; sourceTree = "<group>"; };
		CE8F9D6D2BA4E833002AA060 /* RegisterPasswordView.swift */ = {isa = PBXFileReference; lastKnownFileType = sourcecode.swift; path = RegisterPasswordView.swift; sourceTree = "<group>"; };
		CE8F9D6F2BA4E8A0002AA060 /* CustomViewRegisterPassword.swift */ = {isa = PBXFileReference; lastKnownFileType = sourcecode.swift; path = CustomViewRegisterPassword.swift; sourceTree = "<group>"; };
		CE8F9D712BA4EC38002AA060 /* RegisterPasswordViewController.swift */ = {isa = PBXFileReference; lastKnownFileType = sourcecode.swift; path = RegisterPasswordViewController.swift; sourceTree = "<group>"; };
		CE8F9D732BA4EE3A002AA060 /* RegisterPasswordCoordinator.swift */ = {isa = PBXFileReference; lastKnownFileType = sourcecode.swift; path = RegisterPasswordCoordinator.swift; sourceTree = "<group>"; };
		CE8F9D762BA89E3B002AA060 /* RegisterToAnalyseView.swift */ = {isa = PBXFileReference; lastKnownFileType = sourcecode.swift; path = RegisterToAnalyseView.swift; sourceTree = "<group>"; };
		CE8F9D782BA89E52002AA060 /* RegisterToAnalyseViewController.swift */ = {isa = PBXFileReference; lastKnownFileType = sourcecode.swift; path = RegisterToAnalyseViewController.swift; sourceTree = "<group>"; };
		CE8F9D7A2BA8A3CA002AA060 /* RegisterToAnalyseFactory.swift */ = {isa = PBXFileReference; lastKnownFileType = sourcecode.swift; path = RegisterToAnalyseFactory.swift; sourceTree = "<group>"; };
		CE8F9D7C2BA8A3E8002AA060 /* RegisterToAnalyseCoordinator.swift */ = {isa = PBXFileReference; lastKnownFileType = sourcecode.swift; path = RegisterToAnalyseCoordinator.swift; sourceTree = "<group>"; };
		CE8F9D7E2BA8B07A002AA060 /* RegisterPasswordFactory.swift */ = {isa = PBXFileReference; lastKnownFileType = sourcecode.swift; path = RegisterPasswordFactory.swift; sourceTree = "<group>"; };
		CE9032662B518F9400ABE254 /* LoginViewModelTests.swift */ = {isa = PBXFileReference; lastKnownFileType = sourcecode.swift; path = LoginViewModelTests.swift; sourceTree = "<group>"; };
		CE90326B2B51A37A00ABE254 /* HomeViewModelTests.swift */ = {isa = PBXFileReference; lastKnownFileType = sourcecode.swift; path = HomeViewModelTests.swift; sourceTree = "<group>"; };
		CE94EBE52BA3C72900316987 /* CustomViewLogin.swift */ = {isa = PBXFileReference; lastKnownFileType = sourcecode.swift; path = CustomViewLogin.swift; sourceTree = "<group>"; };
		CE94EBE72BA3D0C500316987 /* CustomViewRegisterName.swift */ = {isa = PBXFileReference; lastKnownFileType = sourcecode.swift; path = CustomViewRegisterName.swift; sourceTree = "<group>"; };
		CEA6DC8A2A9CF280004722AF /* ExtratcModel.swift */ = {isa = PBXFileReference; lastKnownFileType = sourcecode.swift; path = ExtratcModel.swift; sourceTree = "<group>"; };
		CEA6DC8C2A9CFF22004722AF /* ServiceViewModel.swift */ = {isa = PBXFileReference; lastKnownFileType = sourcecode.swift; path = ServiceViewModel.swift; sourceTree = "<group>"; };
		CEA6DC8F2A9D27CB004722AF /* String+.swift */ = {isa = PBXFileReference; lastKnownFileType = sourcecode.swift; path = "String+.swift"; sourceTree = "<group>"; };
		CEAC14B52AA13B8E00A56C7C /* ApiStatement.swift */ = {isa = PBXFileReference; lastKnownFileType = sourcecode.swift; path = ApiStatement.swift; sourceTree = "<group>"; };
		CEDDC80C2BA9F022001A0173 /* WalletViewController.swift */ = {isa = PBXFileReference; lastKnownFileType = sourcecode.swift; path = WalletViewController.swift; sourceTree = "<group>"; };
		CEDDC80E2BA9F030001A0173 /* WalletView.swift */ = {isa = PBXFileReference; lastKnownFileType = sourcecode.swift; path = WalletView.swift; sourceTree = "<group>"; };
		CEDDC8102BA9F04B001A0173 /* WalletFactory.swift */ = {isa = PBXFileReference; lastKnownFileType = sourcecode.swift; path = WalletFactory.swift; sourceTree = "<group>"; };
		CEDDC8122BAA6E65001A0173 /* CustomViewButton.swift */ = {isa = PBXFileReference; lastKnownFileType = sourcecode.swift; path = CustomViewButton.swift; sourceTree = "<group>"; };
		CEE2F2632BA4CFDD00362BB0 /* RegisterEmailView.swift */ = {isa = PBXFileReference; lastKnownFileType = sourcecode.swift; path = RegisterEmailView.swift; sourceTree = "<group>"; };
		CEE2F2652BA4D0B800362BB0 /* CustomViewRegisterEmail.swift */ = {isa = PBXFileReference; lastKnownFileType = sourcecode.swift; path = CustomViewRegisterEmail.swift; sourceTree = "<group>"; };
		CEE2F2672BA4D1F000362BB0 /* RegisterEmailViewController.swift */ = {isa = PBXFileReference; lastKnownFileType = sourcecode.swift; path = RegisterEmailViewController.swift; sourceTree = "<group>"; };
		CEE2F2692BA4D38600362BB0 /* RegisterEmailFactory.swift */ = {isa = PBXFileReference; lastKnownFileType = sourcecode.swift; path = RegisterEmailFactory.swift; sourceTree = "<group>"; };
		CEE2F26B2BA4D39600362BB0 /* RegisterEmailCoordinator.swift */ = {isa = PBXFileReference; lastKnownFileType = sourcecode.swift; path = RegisterEmailCoordinator.swift; sourceTree = "<group>"; };
		CEE734BB2A9E5F6B002320DB /* FormatterNumber.swift */ = {isa = PBXFileReference; lastKnownFileType = sourcecode.swift; path = FormatterNumber.swift; sourceTree = "<group>"; };
		CEE734C82A9E9D30002320DB /* ProductsView.swift */ = {isa = PBXFileReference; lastKnownFileType = sourcecode.swift; path = ProductsView.swift; sourceTree = "<group>"; };
		CEE734CA2A9E9D3A002320DB /* ProductsViewController.swift */ = {isa = PBXFileReference; lastKnownFileType = sourcecode.swift; path = ProductsViewController.swift; sourceTree = "<group>"; };
		DB7DEE8778CEB9C9736AAADD /* Pods-AppBank-AppBankUITests.release.xcconfig */ = {isa = PBXFileReference; includeInIndex = 1; lastKnownFileType = text.xcconfig; name = "Pods-AppBank-AppBankUITests.release.xcconfig"; path = "Target Support Files/Pods-AppBank-AppBankUITests/Pods-AppBank-AppBankUITests.release.xcconfig"; sourceTree = "<group>"; };
		EAC9253E87BF947148568B74 /* Pods-ItubersTests.release.xcconfig */ = {isa = PBXFileReference; includeInIndex = 1; lastKnownFileType = text.xcconfig; name = "Pods-ItubersTests.release.xcconfig"; path = "Target Support Files/Pods-ItubersTests/Pods-ItubersTests.release.xcconfig"; sourceTree = "<group>"; };
		FED7000337A82C74C87633AB /* Pods-AppBank.release.xcconfig */ = {isa = PBXFileReference; includeInIndex = 1; lastKnownFileType = text.xcconfig; name = "Pods-AppBank.release.xcconfig"; path = "Target Support Files/Pods-AppBank/Pods-AppBank.release.xcconfig"; sourceTree = "<group>"; };
/* End PBXFileReference section */

/* Begin PBXFrameworksBuildPhase section */
		CE1DCEE92A97004400E3CC3E /* Frameworks */ = {
			isa = PBXFrameworksBuildPhase;
			buildActionMask = 2147483647;
			files = (
				71BB0179CB1AB0470ABBBF27 /* Pods_AppBank.framework in Frameworks */,
				CE6B6C7F2BA3473F002DAA9E /* FirebaseAuth in Frameworks */,
				CE6B6C812BA3474B002DAA9E /* FirebaseFirestore in Frameworks */,
			);
			runOnlyForDeploymentPostprocessing = 0;
		};
		CE1DCEFF2A97004900E3CC3E /* Frameworks */ = {
			isa = PBXFrameworksBuildPhase;
			buildActionMask = 2147483647;
			files = (
				DF90E57C8BD739FB9CF07811 /* Pods_AppBankTests.framework in Frameworks */,
			);
			runOnlyForDeploymentPostprocessing = 0;
		};
		CE1DCF092A97004900E3CC3E /* Frameworks */ = {
			isa = PBXFrameworksBuildPhase;
			buildActionMask = 2147483647;
			files = (
				41B1F6CE5D04FCBF08741728 /* Pods_AppBank_AppBankUITests.framework in Frameworks */,
			);
			runOnlyForDeploymentPostprocessing = 0;
		};
/* End PBXFrameworksBuildPhase section */

/* Begin PBXGroup section */
		BB4C61C18CA69575C9363E76 /* Frameworks */ = {
			isa = PBXGroup;
			children = (
				60990546D06C3A8785443F52 /* Pods_AppBank.framework */,
				6B0EA43793D0209308F9197A /* Pods_AppBank_AppBankUITests.framework */,
				811A1BF2CC6E9846DD5B197E /* Pods_AppBankTests.framework */,
			);
			name = Frameworks;
			sourceTree = "<group>";
		};
		CE016E772AE317710098F992 /* InsertMoney */ = {
			isa = PBXGroup;
			children = (
				CE016E782AE317A10098F992 /* InsertMoneyView.swift */,
				CE016E7C2AE317CB0098F992 /* InsertMoneyViewController.swift */,
				CE1FF9012B03AE7A0021F67B /* InsertMoneyFactory.swift */,
				CE7D98242BAE05B700A7EC39 /* InsertMoneyCoordinator.swift */,
			);
			path = InsertMoney;
			sourceTree = "<group>";
		};
		CE1DCEE32A97004400E3CC3E = {
			isa = PBXGroup;
			children = (
				CE1DCF202A97009500E3CC3E /* Source */,
				CE1DCEEE2A97004400E3CC3E /* AppBank */,
				CE1DCF052A97004900E3CC3E /* AppBankTests */,
				CE1DCF0F2A97004900E3CC3E /* AppBankUITests */,
				CE1DCEED2A97004400E3CC3E /* Products */,
				D4F9E917F3E3693F45C5871C /* Pods */,
				BB4C61C18CA69575C9363E76 /* Frameworks */,
			);
			sourceTree = "<group>";
		};
		CE1DCEED2A97004400E3CC3E /* Products */ = {
			isa = PBXGroup;
			children = (
				CE1DCEEC2A97004400E3CC3E /* AppBank.app */,
				CE1DCF022A97004900E3CC3E /* AppBankTests.xctest */,
				CE1DCF0C2A97004900E3CC3E /* AppBankUITests.xctest */,
			);
			name = Products;
			sourceTree = "<group>";
		};
		CE1DCEEE2A97004400E3CC3E /* AppBank */ = {
			isa = PBXGroup;
			children = (
				CE1DCEEF2A97004400E3CC3E /* AppDelegate.swift */,
				CE1DCEF82A97004800E3CC3E /* Assets.xcassets */,
				CE270CDA2A98172C00E69BF1 /* GoogleService-Info.plist */,
				CE1DCEFD2A97004800E3CC3E /* Info.plist */,
				CE1DCEFA2A97004800E3CC3E /* LaunchScreen.storyboard */,
				CE1DCEF12A97004400E3CC3E /* SceneDelegate.swift */,
			);
			path = AppBank;
			sourceTree = "<group>";
		};
		CE1DCF052A97004900E3CC3E /* AppBankTests */ = {
			isa = PBXGroup;
			children = (
				CE4361912B51D753009751C0 /* ExtractTests */,
				CE43618E2B51D244009751C0 /* ScreenPixTests */,
				CE43618B2B51CC41009751C0 /* RegisterTests */,
				CE90326A2B51A36600ABE254 /* HomeTests */,
				CE9032622B518DEE00ABE254 /* LoginTests */,
			);
			path = AppBankTests;
			sourceTree = "<group>";
		};
		CE1DCF0F2A97004900E3CC3E /* AppBankUITests */ = {
			isa = PBXGroup;
			children = (
				CE1DCF102A97004900E3CC3E /* AppBankTestsUITests.swift */,
				CE1DCF122A97004900E3CC3E /* AppBankTestsUITestsLaunchTests.swift */,
			);
			path = AppBankUITests;
			sourceTree = "<group>";
		};
		CE1DCF202A97009500E3CC3E /* Source */ = {
			isa = PBXGroup;
			children = (
				CEA6DC872A9CF1DF004722AF /* Api */,
				CEE734BD2A9E9AA7002320DB /* Controller */,
				CE1DCF2B2A9704A200E3CC3E /* Infraestrutura */,
				CE5BA4DE2A97EFA600449C0A /* Model */,
				CE5BA4D92A97EE3500449C0A /* Service */,
				CE7D981E2BAE00CA00A7EC39 /* PixViewModel.swift */,
				CE7D98202BAE017100A7EC39 /* PixViewController.swift */,
			);
			path = Source;
			sourceTree = "<group>";
		};
		CE1DCF212A9700AA00E3CC3E /* Login */ = {
			isa = PBXGroup;
			children = (
				CE1DCF252A97012E00E3CC3E /* LoginView.swift */,
				CE1DCF232A97012300E3CC3E /* LoginViewController.swift */,
				CE5BA4D02A97E99A00449C0A /* LoginViewModel.swift */,
				CE5D57E82AFEA0CF00FA99BA /* LoginFactory.swift */,
				CE5D57EA2AFEA2D400FA99BA /* LoginCoordinatoor.swift */,
			);
			path = Login;
			sourceTree = "<group>";
		};
		CE1DCF2B2A9704A200E3CC3E /* Infraestrutura */ = {
			isa = PBXGroup;
			children = (
				CE452DDF2BA37AB1004D9F61 /* Fonts */,
				CE2F3B882B55E51900F68503 /* Protocols */,
				CEE734BA2A9E5F3E002320DB /* Utils */,
				CEA6DC8E2A9D27B6004722AF /* Extensions */,
				CE1DCF2C2A9704BF00E3CC3E /* Components */,
			);
			path = Infraestrutura;
			sourceTree = "<group>";
		};
		CE1DCF2C2A9704BF00E3CC3E /* Components */ = {
			isa = PBXGroup;
			children = (
				CE1DCF312A9709D400E3CC3E /* ButtonDefault.swift */,
				CE270B262BAB2A99008CEEA9 /* CustomBalanceView.swift */,
				CE1DCF2F2A97074B00E3CC3E /* TextFieldDefault.swift */,
				CE94EBE52BA3C72900316987 /* CustomViewLogin.swift */,
				CE94EBE72BA3D0C500316987 /* CustomViewRegisterName.swift */,
				CEE2F2652BA4D0B800362BB0 /* CustomViewRegisterEmail.swift */,
				CE8F9D6F2BA4E8A0002AA060 /* CustomViewRegisterPassword.swift */,
				CEDDC8122BAA6E65001A0173 /* CustomViewButton.swift */,
				CE270B382BAC75CC008CEEA9 /* CustomBlockedCardView.swift */,
				CE270B3A2BAC7BDE008CEEA9 /* CustomImageCreditCard.swift */,
				CE270B3C2BACA6A8008CEEA9 /* SimpleScrollView.swift */,
				CE270B452BACC85C008CEEA9 /* CustomLogoutViewButton.swift */,
				CE7D981C2BADD94600A7EC39 /* CustomViewHorizontalButton.swift */,
			);
			path = Components;
			sourceTree = "<group>";
		};
		CE270B282BAB2B13008CEEA9 /* Transactions */ = {
			isa = PBXGroup;
			children = (
				CE6F21232A992257000B1B01 /* Cell */,
				CE270B292BAB2B55008CEEA9 /* TransactionsViewController.swift */,
				CE270B2B2BAB2BFE008CEEA9 /* TransactionsView.swift */,
				CE270B2D2BAB2C0C008CEEA9 /* TransactionsFactory.swift */,
				CE20FC522AA6273F00727585 /* TransactionsViewModel.swift */,
			);
			path = Transactions;
			sourceTree = "<group>";
		};
		CE270B2F2BAC7318008CEEA9 /* Home */ = {
			isa = PBXGroup;
			children = (
				CE5F7F602AD048CF00410BFF /* CollectionViewCell */,
				CE6F211B2A98F663000B1B01 /* HomeView.swift */,
				CE6F211D2A98F674000B1B01 /* HomeViewController.swift */,
				CE0EF1152AFBBE8D00ED76B7 /* HomeFactory.swift */,
				CE5D57E62AFE980E00FA99BA /* HomeCoordinatoor.swift */,
				CE633DF82B0E355D000CFA4D /* HomeViewModel.swift */,
			);
			path = Home;
			sourceTree = "<group>";
		};
		CE270B302BAC7329008CEEA9 /* MyData */ = {
			isa = PBXGroup;
			children = (
				CE270B3F2BACC3FD008CEEA9 /* MyDataView.swift */,
				CE270B412BACC407008CEEA9 /* MyDataViewController.swift */,
				CE270B432BACC412008CEEA9 /* MyDataFactory.swift */,
			);
			path = MyData;
			sourceTree = "<group>";
		};
		CE270B312BAC73C8008CEEA9 /* CreditCard */ = {
			isa = PBXGroup;
			children = (
				CE270B322BAC7464008CEEA9 /* CreditCardView.swift */,
				CE270B342BAC7470008CEEA9 /* CreditCardViewController.swift */,
				CE270B362BAC7484008CEEA9 /* CreditCardFactory.swift */,
			);
			path = CreditCard;
			sourceTree = "<group>";
		};
		CE2F3B882B55E51900F68503 /* Protocols */ = {
			isa = PBXGroup;
			children = (
				CE2F3B892B55E54400F68503 /* ViewCodeUIView.swift */,
				CE1C4AD62A984E0C00AEA219 /* Alert.swift */,
			);
			path = Protocols;
			sourceTree = "<group>";
		};
		CE43618B2B51CC41009751C0 /* RegisterTests */ = {
			isa = PBXGroup;
			children = (
				CE43618C2B51CC72009751C0 /* RegisterViewModelTests.swift */,
				CE60339F2B562CD800A418A8 /* RegisterSpies.swift */,
			);
			path = RegisterTests;
			sourceTree = "<group>";
		};
		CE43618E2B51D244009751C0 /* ScreenPixTests */ = {
			isa = PBXGroup;
			children = (
				CE43618F2B51D262009751C0 /* ScreenPixViewModelTests.swift */,
				CE60339D2B562C9600A418A8 /* ScreenPixSpies.swift */,
			);
			path = ScreenPixTests;
			sourceTree = "<group>";
		};
		CE4361912B51D753009751C0 /* ExtractTests */ = {
			isa = PBXGroup;
			children = (
				CE4361922B51D77E009751C0 /* ExtractViewModelTests.swift */,
				CE60339B2B562B9400A418A8 /* ExtractSpies.swift */,
			);
			path = ExtractTests;
			sourceTree = "<group>";
		};
		CE452DDF2BA37AB1004D9F61 /* Fonts */ = {
			isa = PBXGroup;
			children = (
				CE452DED2BA38077004D9F61 /* SegoeUI */,
				CE452DEC2BA38066004D9F61 /* Comfortaa */,
			);
			path = Fonts;
			sourceTree = "<group>";
		};
		CE452DEC2BA38066004D9F61 /* Comfortaa */ = {
			isa = PBXGroup;
			children = (
				CE452DE02BA37AC2004D9F61 /* Comfortaa-Bold.ttf */,
				CE452DE12BA37AC2004D9F61 /* Comfortaa-Light.ttf */,
				CE452DE22BA37AC3004D9F61 /* Comfortaa-Medium.ttf */,
				CE452DE42BA37AC4004D9F61 /* Comfortaa-Regular.ttf */,
				CE452DE32BA37AC3004D9F61 /* Comfortaa-SemiBold.ttf */,
			);
			path = Comfortaa;
			sourceTree = "<group>";
		};
		CE452DED2BA38077004D9F61 /* SegoeUI */ = {
			isa = PBXGroup;
			children = (
				CE452DEF2BA38172004D9F61 /* SegoeUI-Bold-Italic.ttf */,
				CE452DF02BA38172004D9F61 /* SegoeUI-Bold.ttf */,
				CE452DF12BA38173004D9F61 /* SegoeUI-Italic.ttf */,
				CE452DEE2BA38171004D9F61 /* SegoeUI.ttf */,
			);
			path = SegoeUI;
			sourceTree = "<group>";
		};
		CE5BA4C92A97ABAB00449C0A /* Register */ = {
			isa = PBXGroup;
			children = (
				CE8F9D752BA89DBB002AA060 /* RegisterToAnalyse */,
				CEE2F2622BA4CC5B00362BB0 /* RegisterNameView */,
				CEE2F2612BA4CC5800362BB0 /* RegisterEmailView */,
				CEE2F2602BA4CC5600362BB0 /* RegisterPasswordView */,
			);
			path = Register;
			sourceTree = "<group>";
		};
		CE5BA4D92A97EE3500449C0A /* Service */ = {
			isa = PBXGroup;
			children = (
				CE1B474D2A97FF8200056914 /* AuthenticatorFirebase.swift */,
			);
			path = Service;
			sourceTree = "<group>";
		};
		CE5BA4DE2A97EFA600449C0A /* Model */ = {
			isa = PBXGroup;
			children = (
				CE5BA4DF2A97EFB800449C0A /* Users.swift */,
				CE6D10B32AD602B800EFD5E7 /* OptionsTableView.swift */,
			);
			path = Model;
			sourceTree = "<group>";
		};
		CE5F7F602AD048CF00410BFF /* CollectionViewCell */ = {
			isa = PBXGroup;
			children = (
				CE5F7F612AD048EA00410BFF /* CustomCollectionCell.swift */,
				CE5F7F632AD0491F00410BFF /* CollectionCellView.swift */,
			);
			path = CollectionViewCell;
			sourceTree = "<group>";
		};
		CE6D10AC2AD5A02500EFD5E7 /* TableViewCell */ = {
			isa = PBXGroup;
			children = (
				CE6D10AD2AD5A06300EFD5E7 /* ProductsViewCell.swift */,
				CE6D10AF2AD5A07900EFD5E7 /* CustomProductsTableViewCell.swift */,
			);
			path = TableViewCell;
			sourceTree = "<group>";
		};
		CE6F211A2A98F656000B1B01 /* Home */ = {
			isa = PBXGroup;
			children = (
				CE270B312BAC73C8008CEEA9 /* CreditCard */,
				CE270B302BAC7329008CEEA9 /* MyData */,
				CE270B2F2BAC7318008CEEA9 /* Home */,
				CE270B282BAB2B13008CEEA9 /* Transactions */,
				CEDDC80B2BA9EFB5001A0173 /* Wallet */,
			);
			path = Home;
			sourceTree = "<group>";
		};
		CE6F21232A992257000B1B01 /* Cell */ = {
			isa = PBXGroup;
			children = (
				CE6F21242A99227E000B1B01 /* StatementCellView.swift */,
				CE6F21262A99229C000B1B01 /* CustomStatementTableViewCell.swift */,
			);
			path = Cell;
			sourceTree = "<group>";
		};
		CE8F9D752BA89DBB002AA060 /* RegisterToAnalyse */ = {
			isa = PBXGroup;
			children = (
				CE8F9D762BA89E3B002AA060 /* RegisterToAnalyseView.swift */,
				CE8F9D782BA89E52002AA060 /* RegisterToAnalyseViewController.swift */,
				CE8F9D7A2BA8A3CA002AA060 /* RegisterToAnalyseFactory.swift */,
				CE8F9D7C2BA8A3E8002AA060 /* RegisterToAnalyseCoordinator.swift */,
			);
			path = RegisterToAnalyse;
			sourceTree = "<group>";
		};
		CE9032622B518DEE00ABE254 /* LoginTests */ = {
			isa = PBXGroup;
			children = (
				CE43618A2B51BC55009751C0 /* AppBankTests-Bridging-Header.h */,
				CE9032662B518F9400ABE254 /* LoginViewModelTests.swift */,
				CE6033A32B562D1F00A418A8 /* LoginSpies.swift */,
			);
			path = LoginTests;
			sourceTree = "<group>";
		};
		CE90326A2B51A36600ABE254 /* HomeTests */ = {
			isa = PBXGroup;
			children = (
				CE90326B2B51A37A00ABE254 /* HomeViewModelTests.swift */,
				CE6033A12B562CF800A418A8 /* HomeSpies.swift */,
			);
			path = HomeTests;
			sourceTree = "<group>";
		};
		CEA6DC872A9CF1DF004722AF /* Api */ = {
			isa = PBXGroup;
			children = (
				CEAC14B42AA13B3300A56C7C /* Network */,
				CEA6DC892A9CF1F8004722AF /* ViewModel */,
				CEA6DC882A9CF1EF004722AF /* Model */,
			);
			path = Api;
			sourceTree = "<group>";
		};
		CEA6DC882A9CF1EF004722AF /* Model */ = {
			isa = PBXGroup;
			children = (
				CEA6DC8A2A9CF280004722AF /* ExtratcModel.swift */,
			);
			path = Model;
			sourceTree = "<group>";
		};
		CEA6DC892A9CF1F8004722AF /* ViewModel */ = {
			isa = PBXGroup;
			children = (
				CEA6DC8C2A9CFF22004722AF /* ServiceViewModel.swift */,
			);
			path = ViewModel;
			sourceTree = "<group>";
		};
		CEA6DC8E2A9D27B6004722AF /* Extensions */ = {
			isa = PBXGroup;
			children = (
				CEA6DC8F2A9D27CB004722AF /* String+.swift */,
				CE6D10AA2AD59C7D00EFD5E7 /* Color+.swift */,
				CE5BA4C72A97AAB300449C0A /* UIViewController+.swift */,
				CE452DEA2BA37C6D004D9F61 /* Fonts+.swift */,
			);
			path = Extensions;
			sourceTree = "<group>";
		};
		CEAC14B42AA13B3300A56C7C /* Network */ = {
			isa = PBXGroup;
			children = (
				CEAC14B52AA13B8E00A56C7C /* ApiStatement.swift */,
			);
			path = Network;
			sourceTree = "<group>";
		};
		CEDDC80B2BA9EFB5001A0173 /* Wallet */ = {
			isa = PBXGroup;
			children = (
				CEDDC80C2BA9F022001A0173 /* WalletViewController.swift */,
				CEDDC80E2BA9F030001A0173 /* WalletView.swift */,
				CEDDC8102BA9F04B001A0173 /* WalletFactory.swift */,
				CE7D98222BAE042D00A7EC39 /* WalletCoordinator.swift */,
			);
			path = Wallet;
			sourceTree = "<group>";
		};
		CEE2F2602BA4CC5600362BB0 /* RegisterPasswordView */ = {
			isa = PBXGroup;
			children = (
				CE8F9D6D2BA4E833002AA060 /* RegisterPasswordView.swift */,
				CE5BA4DC2A97EF4200449C0A /* RegisterPasswordViewModel.swift */,
				CE8F9D712BA4EC38002AA060 /* RegisterPasswordViewController.swift */,
				CE8F9D732BA4EE3A002AA060 /* RegisterPasswordCoordinator.swift */,
				CE8F9D7E2BA8B07A002AA060 /* RegisterPasswordFactory.swift */,
			);
			path = RegisterPasswordView;
			sourceTree = "<group>";
		};
		CEE2F2612BA4CC5800362BB0 /* RegisterEmailView */ = {
			isa = PBXGroup;
			children = (
				CEE2F2632BA4CFDD00362BB0 /* RegisterEmailView.swift */,
				CEE2F2672BA4D1F000362BB0 /* RegisterEmailViewController.swift */,
				CEE2F2692BA4D38600362BB0 /* RegisterEmailFactory.swift */,
				CEE2F26B2BA4D39600362BB0 /* RegisterEmailCoordinator.swift */,
			);
			path = RegisterEmailView;
			sourceTree = "<group>";
		};
		CEE2F2622BA4CC5B00362BB0 /* RegisterNameView */ = {
			isa = PBXGroup;
			children = (
				CE5BA4CA2A97ABC500449C0A /* RegisterNameView.swift */,
				CE5BA4CC2A97ABD100449C0A /* RegisterNameViewController.swift */,
				CE5D57EC2AFEAF6700FA99BA /* RegisterNameCoodinator.swift */,
				CE5D57EE2AFEAF7500FA99BA /* RegisterNameFactory.swift */,
			);
			path = RegisterNameView;
			sourceTree = "<group>";
		};
		CEE734BA2A9E5F3E002320DB /* Utils */ = {
			isa = PBXGroup;
			children = (
				CEE734BB2A9E5F6B002320DB /* FormatterNumber.swift */,
			);
			path = Utils;
			sourceTree = "<group>";
		};
		CEE734BD2A9E9AA7002320DB /* Controller */ = {
			isa = PBXGroup;
			children = (
				CE6F211A2A98F656000B1B01 /* Home */,
				CE1DCF212A9700AA00E3CC3E /* Login */,
				CEE734C32A9E9D01002320DB /* Products */,
				CE5BA4C92A97ABAB00449C0A /* Register */,
				CE016E772AE317710098F992 /* InsertMoney */,
			);
			path = Controller;
			sourceTree = "<group>";
		};
		CEE734C32A9E9D01002320DB /* Products */ = {
			isa = PBXGroup;
			children = (
				CE6D10AC2AD5A02500EFD5E7 /* TableViewCell */,
				CEE734C82A9E9D30002320DB /* ProductsView.swift */,
				CEE734CA2A9E9D3A002320DB /* ProductsViewController.swift */,
				CE1FF8FD2B03A9D30021F67B /* ProductsCoordinator.swift */,
				CE1FF8FF2B03A9E50021F67B /* ProductsFactory.swift */,
			);
			path = Products;
			sourceTree = "<group>";
		};
		D4F9E917F3E3693F45C5871C /* Pods */ = {
			isa = PBXGroup;
			children = (
				C8AC14F57A3A1BBC828B90BA /* Pods-Itubers.debug.xcconfig */,
				696EE36C91E2F28F42DEF894 /* Pods-Itubers.release.xcconfig */,
				52D5A020203C32F5216C41E2 /* Pods-Itubers-ItubersUITests.debug.xcconfig */,
				2662D6C632BB774AB78F69FC /* Pods-Itubers-ItubersUITests.release.xcconfig */,
				B096BF502BBA353DB97C2989 /* Pods-ItubersTests.debug.xcconfig */,
				EAC9253E87BF947148568B74 /* Pods-ItubersTests.release.xcconfig */,
				AF8B04EF5BA56116FF957D64 /* Pods-AppBank.debug.xcconfig */,
				FED7000337A82C74C87633AB /* Pods-AppBank.release.xcconfig */,
				A8A51C4D26009451B5E74810 /* Pods-AppBank-AppBankUITests.debug.xcconfig */,
				DB7DEE8778CEB9C9736AAADD /* Pods-AppBank-AppBankUITests.release.xcconfig */,
				BAEECA456012D52C42661D59 /* Pods-AppBankTests.debug.xcconfig */,
				89A6833F941054A1E8D7D8A7 /* Pods-AppBankTests.release.xcconfig */,
			);
			path = Pods;
			sourceTree = "<group>";
		};
/* End PBXGroup section */

/* Begin PBXNativeTarget section */
		CE1DCEEB2A97004400E3CC3E /* AppBank */ = {
			isa = PBXNativeTarget;
			buildConfigurationList = CE1DCF162A97004900E3CC3E /* Build configuration list for PBXNativeTarget "AppBank" */;
			buildPhases = (
				7EE797A0BD4536BE951FB139 /* [CP] Check Pods Manifest.lock */,
				CE1DCEE82A97004400E3CC3E /* Sources */,
				CE1DCEE92A97004400E3CC3E /* Frameworks */,
				CE1DCEEA2A97004400E3CC3E /* Resources */,
				1B6DA016633956B52B8BFD79 /* [CP] Embed Pods Frameworks */,
			);
			buildRules = (
			);
			dependencies = (
			);
			name = AppBank;
			packageProductDependencies = (
				CE6B6C7E2BA3473F002DAA9E /* FirebaseAuth */,
				CE6B6C802BA3474B002DAA9E /* FirebaseFirestore */,
			);
			productName = Itubers;
			productReference = CE1DCEEC2A97004400E3CC3E /* AppBank.app */;
			productType = "com.apple.product-type.application";
		};
		CE1DCF012A97004900E3CC3E /* AppBankTests */ = {
			isa = PBXNativeTarget;
			buildConfigurationList = CE1DCF192A97004900E3CC3E /* Build configuration list for PBXNativeTarget "AppBankTests" */;
			buildPhases = (
				537FC2A912D96E9A5C590A79 /* [CP] Check Pods Manifest.lock */,
				CE1DCEFE2A97004900E3CC3E /* Sources */,
				CE1DCEFF2A97004900E3CC3E /* Frameworks */,
				CE1DCF002A97004900E3CC3E /* Resources */,
			);
			buildRules = (
			);
			dependencies = (
				CE1DCF042A97004900E3CC3E /* PBXTargetDependency */,
			);
			name = AppBankTests;
			packageProductDependencies = (
			);
			productName = ItubersTests;
			productReference = CE1DCF022A97004900E3CC3E /* AppBankTests.xctest */;
			productType = "com.apple.product-type.bundle.unit-test";
		};
		CE1DCF0B2A97004900E3CC3E /* AppBankUITests */ = {
			isa = PBXNativeTarget;
			buildConfigurationList = CE1DCF1C2A97004900E3CC3E /* Build configuration list for PBXNativeTarget "AppBankUITests" */;
			buildPhases = (
				A18E424238E5EFED6A8ECA0B /* [CP] Check Pods Manifest.lock */,
				CE1DCF082A97004900E3CC3E /* Sources */,
				CE1DCF092A97004900E3CC3E /* Frameworks */,
				CE1DCF0A2A97004900E3CC3E /* Resources */,
				EBB4B422BAC14AA92113B8EC /* [CP] Embed Pods Frameworks */,
			);
			buildRules = (
			);
			dependencies = (
				CE1DCF0E2A97004900E3CC3E /* PBXTargetDependency */,
			);
			name = AppBankUITests;
			productName = ItubersUITests;
			productReference = CE1DCF0C2A97004900E3CC3E /* AppBankUITests.xctest */;
			productType = "com.apple.product-type.bundle.ui-testing";
		};
/* End PBXNativeTarget section */

/* Begin PBXProject section */
		CE1DCEE42A97004400E3CC3E /* Project object */ = {
			isa = PBXProject;
			attributes = {
				BuildIndependentTargetsInParallel = 1;
				LastSwiftUpdateCheck = 1420;
				LastUpgradeCheck = 1420;
				TargetAttributes = {
					CE1DCEEB2A97004400E3CC3E = {
						CreatedOnToolsVersion = 14.2;
					};
					CE1DCF012A97004900E3CC3E = {
						CreatedOnToolsVersion = 14.2;
						LastSwiftMigration = 1420;
						TestTargetID = CE1DCEEB2A97004400E3CC3E;
					};
					CE1DCF0B2A97004900E3CC3E = {
						CreatedOnToolsVersion = 14.2;
						TestTargetID = CE1DCEEB2A97004400E3CC3E;
					};
				};
			};
			buildConfigurationList = CE1DCEE72A97004400E3CC3E /* Build configuration list for PBXProject "AppBank" */;
			compatibilityVersion = "Xcode 14.0";
			developmentRegion = en;
			hasScannedForEncodings = 0;
			knownRegions = (
				en,
				Base,
			);
			mainGroup = CE1DCEE32A97004400E3CC3E;
			packageReferences = (
				CE6B6C7D2BA344FF002DAA9E /* XCRemoteSwiftPackageReference "firebase-ios-sdk" */,
			);
			productRefGroup = CE1DCEED2A97004400E3CC3E /* Products */;
			projectDirPath = "";
			projectRoot = "";
			targets = (
				CE1DCEEB2A97004400E3CC3E /* AppBank */,
				CE1DCF012A97004900E3CC3E /* AppBankTests */,
				CE1DCF0B2A97004900E3CC3E /* AppBankUITests */,
			);
		};
/* End PBXProject section */

/* Begin PBXResourcesBuildPhase section */
		CE1DCEEA2A97004400E3CC3E /* Resources */ = {
			isa = PBXResourcesBuildPhase;
			buildActionMask = 2147483647;
			files = (
				CE452DF22BA38173004D9F61 /* SegoeUI.ttf in Resources */,
				CE452DE52BA37AC4004D9F61 /* Comfortaa-Bold.ttf in Resources */,
				CE452DF52BA38173004D9F61 /* SegoeUI-Italic.ttf in Resources */,
				CE1DCEFC2A97004800E3CC3E /* LaunchScreen.storyboard in Resources */,
				CE1DCEF92A97004800E3CC3E /* Assets.xcassets in Resources */,
				CE452DF42BA38173004D9F61 /* SegoeUI-Bold.ttf in Resources */,
				CE452DF32BA38173004D9F61 /* SegoeUI-Bold-Italic.ttf in Resources */,
				CE270CDB2A98172C00E69BF1 /* GoogleService-Info.plist in Resources */,
				CE452DE92BA37AC4004D9F61 /* Comfortaa-Regular.ttf in Resources */,
				CE452DE82BA37AC4004D9F61 /* Comfortaa-SemiBold.ttf in Resources */,
				CE452DE72BA37AC4004D9F61 /* Comfortaa-Medium.ttf in Resources */,
				CE452DE62BA37AC4004D9F61 /* Comfortaa-Light.ttf in Resources */,
			);
			runOnlyForDeploymentPostprocessing = 0;
		};
		CE1DCF002A97004900E3CC3E /* Resources */ = {
			isa = PBXResourcesBuildPhase;
			buildActionMask = 2147483647;
			files = (
			);
			runOnlyForDeploymentPostprocessing = 0;
		};
		CE1DCF0A2A97004900E3CC3E /* Resources */ = {
			isa = PBXResourcesBuildPhase;
			buildActionMask = 2147483647;
			files = (
			);
			runOnlyForDeploymentPostprocessing = 0;
		};
/* End PBXResourcesBuildPhase section */

/* Begin PBXShellScriptBuildPhase section */
		1B6DA016633956B52B8BFD79 /* [CP] Embed Pods Frameworks */ = {
			isa = PBXShellScriptBuildPhase;
			buildActionMask = 2147483647;
			files = (
			);
			inputFileListPaths = (
				"${PODS_ROOT}/Target Support Files/Pods-AppBank/Pods-AppBank-frameworks-${CONFIGURATION}-input-files.xcfilelist",
			);
			name = "[CP] Embed Pods Frameworks";
			outputFileListPaths = (
				"${PODS_ROOT}/Target Support Files/Pods-AppBank/Pods-AppBank-frameworks-${CONFIGURATION}-output-files.xcfilelist",
			);
			runOnlyForDeploymentPostprocessing = 0;
			shellPath = /bin/sh;
			shellScript = "\"${PODS_ROOT}/Target Support Files/Pods-AppBank/Pods-AppBank-frameworks.sh\"\n";
			showEnvVarsInLog = 0;
		};
		537FC2A912D96E9A5C590A79 /* [CP] Check Pods Manifest.lock */ = {
			isa = PBXShellScriptBuildPhase;
			buildActionMask = 2147483647;
			files = (
			);
			inputFileListPaths = (
			);
			inputPaths = (
				"${PODS_PODFILE_DIR_PATH}/Podfile.lock",
				"${PODS_ROOT}/Manifest.lock",
			);
			name = "[CP] Check Pods Manifest.lock";
			outputFileListPaths = (
			);
			outputPaths = (
				"$(DERIVED_FILE_DIR)/Pods-AppBankTests-checkManifestLockResult.txt",
			);
			runOnlyForDeploymentPostprocessing = 0;
			shellPath = /bin/sh;
			shellScript = "diff \"${PODS_PODFILE_DIR_PATH}/Podfile.lock\" \"${PODS_ROOT}/Manifest.lock\" > /dev/null\nif [ $? != 0 ] ; then\n    # print error to STDERR\n    echo \"error: The sandbox is not in sync with the Podfile.lock. Run 'pod install' or update your CocoaPods installation.\" >&2\n    exit 1\nfi\n# This output is used by Xcode 'outputs' to avoid re-running this script phase.\necho \"SUCCESS\" > \"${SCRIPT_OUTPUT_FILE_0}\"\n";
			showEnvVarsInLog = 0;
		};
		7EE797A0BD4536BE951FB139 /* [CP] Check Pods Manifest.lock */ = {
			isa = PBXShellScriptBuildPhase;
			buildActionMask = 2147483647;
			files = (
			);
			inputFileListPaths = (
			);
			inputPaths = (
				"${PODS_PODFILE_DIR_PATH}/Podfile.lock",
				"${PODS_ROOT}/Manifest.lock",
			);
			name = "[CP] Check Pods Manifest.lock";
			outputFileListPaths = (
			);
			outputPaths = (
				"$(DERIVED_FILE_DIR)/Pods-AppBank-checkManifestLockResult.txt",
			);
			runOnlyForDeploymentPostprocessing = 0;
			shellPath = /bin/sh;
			shellScript = "diff \"${PODS_PODFILE_DIR_PATH}/Podfile.lock\" \"${PODS_ROOT}/Manifest.lock\" > /dev/null\nif [ $? != 0 ] ; then\n    # print error to STDERR\n    echo \"error: The sandbox is not in sync with the Podfile.lock. Run 'pod install' or update your CocoaPods installation.\" >&2\n    exit 1\nfi\n# This output is used by Xcode 'outputs' to avoid re-running this script phase.\necho \"SUCCESS\" > \"${SCRIPT_OUTPUT_FILE_0}\"\n";
			showEnvVarsInLog = 0;
		};
		A18E424238E5EFED6A8ECA0B /* [CP] Check Pods Manifest.lock */ = {
			isa = PBXShellScriptBuildPhase;
			buildActionMask = 2147483647;
			files = (
			);
			inputFileListPaths = (
			);
			inputPaths = (
				"${PODS_PODFILE_DIR_PATH}/Podfile.lock",
				"${PODS_ROOT}/Manifest.lock",
			);
			name = "[CP] Check Pods Manifest.lock";
			outputFileListPaths = (
			);
			outputPaths = (
				"$(DERIVED_FILE_DIR)/Pods-AppBank-AppBankUITests-checkManifestLockResult.txt",
			);
			runOnlyForDeploymentPostprocessing = 0;
			shellPath = /bin/sh;
			shellScript = "diff \"${PODS_PODFILE_DIR_PATH}/Podfile.lock\" \"${PODS_ROOT}/Manifest.lock\" > /dev/null\nif [ $? != 0 ] ; then\n    # print error to STDERR\n    echo \"error: The sandbox is not in sync with the Podfile.lock. Run 'pod install' or update your CocoaPods installation.\" >&2\n    exit 1\nfi\n# This output is used by Xcode 'outputs' to avoid re-running this script phase.\necho \"SUCCESS\" > \"${SCRIPT_OUTPUT_FILE_0}\"\n";
			showEnvVarsInLog = 0;
		};
		EBB4B422BAC14AA92113B8EC /* [CP] Embed Pods Frameworks */ = {
			isa = PBXShellScriptBuildPhase;
			buildActionMask = 2147483647;
			files = (
			);
			inputFileListPaths = (
				"${PODS_ROOT}/Target Support Files/Pods-AppBank-AppBankUITests/Pods-AppBank-AppBankUITests-frameworks-${CONFIGURATION}-input-files.xcfilelist",
			);
			name = "[CP] Embed Pods Frameworks";
			outputFileListPaths = (
				"${PODS_ROOT}/Target Support Files/Pods-AppBank-AppBankUITests/Pods-AppBank-AppBankUITests-frameworks-${CONFIGURATION}-output-files.xcfilelist",
			);
			runOnlyForDeploymentPostprocessing = 0;
			shellPath = /bin/sh;
			shellScript = "\"${PODS_ROOT}/Target Support Files/Pods-AppBank-AppBankUITests/Pods-AppBank-AppBankUITests-frameworks.sh\"\n";
			showEnvVarsInLog = 0;
		};
/* End PBXShellScriptBuildPhase section */

/* Begin PBXSourcesBuildPhase section */
		CE1DCEE82A97004400E3CC3E /* Sources */ = {
			isa = PBXSourcesBuildPhase;
			buildActionMask = 2147483647;
			files = (
				CE20FC532AA6273F00727585 /* TransactionsViewModel.swift in Sources */,
				CE1C4AD72A984E0C00AEA219 /* Alert.swift in Sources */,
				CE6D10B42AD602B800EFD5E7 /* OptionsTableView.swift in Sources */,
				CEDDC8132BAA6E65001A0173 /* CustomViewButton.swift in Sources */,
				CE270B422BACC407008CEEA9 /* MyDataViewController.swift in Sources */,
				CE270B2A2BAB2B55008CEEA9 /* TransactionsViewController.swift in Sources */,
				CE5BA4CB2A97ABC500449C0A /* RegisterNameView.swift in Sources */,
				CE7D981F2BAE00CA00A7EC39 /* PixViewModel.swift in Sources */,
				CE270B372BAC7484008CEEA9 /* CreditCardFactory.swift in Sources */,
				CE1B474E2A97FF8200056914 /* AuthenticatorFirebase.swift in Sources */,
				CE8F9D6E2BA4E833002AA060 /* RegisterPasswordView.swift in Sources */,
				CE6D10AB2AD59C7D00EFD5E7 /* Color+.swift in Sources */,
				CEDDC8112BA9F04B001A0173 /* WalletFactory.swift in Sources */,
				CE5D57ED2AFEAF6700FA99BA /* RegisterNameCoodinator.swift in Sources */,
				CE6F21252A99227E000B1B01 /* StatementCellView.swift in Sources */,
				CE1DCF242A97012300E3CC3E /* LoginViewController.swift in Sources */,
				CE5BA4DD2A97EF4200449C0A /* RegisterPasswordViewModel.swift in Sources */,
				CE5BA4C82A97AAB300449C0A /* UIViewController+.swift in Sources */,
				CE270B462BACC85C008CEEA9 /* CustomLogoutViewButton.swift in Sources */,
				CE5D57E92AFEA0CF00FA99BA /* LoginFactory.swift in Sources */,
				CE94EBE62BA3C72900316987 /* CustomViewLogin.swift in Sources */,
				CE5BA4CD2A97ABD100449C0A /* RegisterNameViewController.swift in Sources */,
				CE8F9D7D2BA8A3E8002AA060 /* RegisterToAnalyseCoordinator.swift in Sources */,
				CE1DCF322A9709D400E3CC3E /* ButtonDefault.swift in Sources */,
				CEA6DC902A9D27CB004722AF /* String+.swift in Sources */,
				CE7D981D2BADD94600A7EC39 /* CustomViewHorizontalButton.swift in Sources */,
				CE8F9D772BA89E3B002AA060 /* RegisterToAnalyseView.swift in Sources */,
				CE633DF92B0E355D000CFA4D /* HomeViewModel.swift in Sources */,
				CE5BA4D12A97E99A00449C0A /* LoginViewModel.swift in Sources */,
				CE94EBE82BA3D0C500316987 /* CustomViewRegisterName.swift in Sources */,
				CEE2F2662BA4D0B800362BB0 /* CustomViewRegisterEmail.swift in Sources */,
				CE1DCEF02A97004400E3CC3E /* AppDelegate.swift in Sources */,
				CE270B3D2BACA6A8008CEEA9 /* SimpleScrollView.swift in Sources */,
				CE6D10AE2AD5A06300EFD5E7 /* ProductsViewCell.swift in Sources */,
				CEE734C92A9E9D30002320DB /* ProductsView.swift in Sources */,
				CEE734CB2A9E9D3A002320DB /* ProductsViewController.swift in Sources */,
				CEDDC80F2BA9F030001A0173 /* WalletView.swift in Sources */,
				CE5BA4E02A97EFB800449C0A /* Users.swift in Sources */,
				CEE2F26A2BA4D38600362BB0 /* RegisterEmailFactory.swift in Sources */,
				CE1FF9002B03A9E50021F67B /* ProductsFactory.swift in Sources */,
				CEE2F26C2BA4D39600362BB0 /* RegisterEmailCoordinator.swift in Sources */,
				CE6D10B02AD5A07900EFD5E7 /* CustomProductsTableViewCell.swift in Sources */,
				CE452DEB2BA37C6D004D9F61 /* Fonts+.swift in Sources */,
				CE270B352BAC7470008CEEA9 /* CreditCardViewController.swift in Sources */,
				CEA6DC8B2A9CF280004722AF /* ExtratcModel.swift in Sources */,
				CEA6DC8D2A9CFF22004722AF /* ServiceViewModel.swift in Sources */,
				CE270B402BACC3FD008CEEA9 /* MyDataView.swift in Sources */,
				CE1DCF262A97012E00E3CC3E /* LoginView.swift in Sources */,
				CE5D57EB2AFEA2D400FA99BA /* LoginCoordinatoor.swift in Sources */,
				CE6F211E2A98F674000B1B01 /* HomeViewController.swift in Sources */,
				CE270B442BACC412008CEEA9 /* MyDataFactory.swift in Sources */,
				CEE734BC2A9E5F6B002320DB /* FormatterNumber.swift in Sources */,
				CE270B3B2BAC7BDE008CEEA9 /* CustomImageCreditCard.swift in Sources */,
				CE6F21272A99229C000B1B01 /* CustomStatementTableViewCell.swift in Sources */,
				CE270B2C2BAB2BFE008CEEA9 /* TransactionsView.swift in Sources */,
				CE8F9D742BA4EE3A002AA060 /* RegisterPasswordCoordinator.swift in Sources */,
				CE8F9D702BA4E8A0002AA060 /* CustomViewRegisterPassword.swift in Sources */,
				CE1FF8FE2B03A9D30021F67B /* ProductsCoordinator.swift in Sources */,
				CE5F7F642AD0491F00410BFF /* CollectionCellView.swift in Sources */,
				CE7D98252BAE05B700A7EC39 /* InsertMoneyCoordinator.swift in Sources */,
				CEAC14B62AA13B8E00A56C7C /* ApiStatement.swift in Sources */,
				CE5F7F622AD048EA00410BFF /* CustomCollectionCell.swift in Sources */,
				CE8F9D792BA89E52002AA060 /* RegisterToAnalyseViewController.swift in Sources */,
				CEDDC80D2BA9F022001A0173 /* WalletViewController.swift in Sources */,
				CE1FF9022B03AE7A0021F67B /* InsertMoneyFactory.swift in Sources */,
				CE2F3B8A2B55E54400F68503 /* ViewCodeUIView.swift in Sources */,
				CE270B332BAC7464008CEEA9 /* CreditCardView.swift in Sources */,
				CEE2F2642BA4CFDD00362BB0 /* RegisterEmailView.swift in Sources */,
				CE8F9D722BA4EC38002AA060 /* RegisterPasswordViewController.swift in Sources */,
				CE7D98212BAE017100A7EC39 /* PixViewController.swift in Sources */,
				CE270B392BAC75CC008CEEA9 /* CustomBlockedCardView.swift in Sources */,
				CE8F9D7B2BA8A3CA002AA060 /* RegisterToAnalyseFactory.swift in Sources */,
				CEE2F2682BA4D1F000362BB0 /* RegisterEmailViewController.swift in Sources */,
				CE016E792AE317A10098F992 /* InsertMoneyView.swift in Sources */,
				CE8F9D7F2BA8B07A002AA060 /* RegisterPasswordFactory.swift in Sources */,
				CE5D57E72AFE980E00FA99BA /* HomeCoordinatoor.swift in Sources */,
				CE1DCEF22A97004400E3CC3E /* SceneDelegate.swift in Sources */,
				CE270B272BAB2A99008CEEA9 /* CustomBalanceView.swift in Sources */,
				CE016E7D2AE317CB0098F992 /* InsertMoneyViewController.swift in Sources */,
				CE5D57EF2AFEAF7500FA99BA /* RegisterNameFactory.swift in Sources */,
				CE1DCF302A97074B00E3CC3E /* TextFieldDefault.swift in Sources */,
				CE270B2E2BAB2C0D008CEEA9 /* TransactionsFactory.swift in Sources */,
				CE0EF1162AFBBE8D00ED76B7 /* HomeFactory.swift in Sources */,
				CE6F211C2A98F663000B1B01 /* HomeView.swift in Sources */,
				CE7D98232BAE042D00A7EC39 /* WalletCoordinator.swift in Sources */,
			);
			runOnlyForDeploymentPostprocessing = 0;
		};
		CE1DCEFE2A97004900E3CC3E /* Sources */ = {
			isa = PBXSourcesBuildPhase;
			buildActionMask = 2147483647;
			files = (
				CE4361902B51D262009751C0 /* ScreenPixViewModelTests.swift in Sources */,
				CE60339C2B562B9400A418A8 /* ExtractSpies.swift in Sources */,
				CE60339E2B562C9600A418A8 /* ScreenPixSpies.swift in Sources */,
				CE43618D2B51CC72009751C0 /* RegisterViewModelTests.swift in Sources */,
				CE6033A42B562D1F00A418A8 /* LoginSpies.swift in Sources */,
				CE9032672B518F9400ABE254 /* LoginViewModelTests.swift in Sources */,
				CE4361932B51D77E009751C0 /* ExtractViewModelTests.swift in Sources */,
				CE90326C2B51A37A00ABE254 /* HomeViewModelTests.swift in Sources */,
				CE6033A22B562CF800A418A8 /* HomeSpies.swift in Sources */,
				CE6033A02B562CD800A418A8 /* RegisterSpies.swift in Sources */,
			);
			runOnlyForDeploymentPostprocessing = 0;
		};
		CE1DCF082A97004900E3CC3E /* Sources */ = {
			isa = PBXSourcesBuildPhase;
			buildActionMask = 2147483647;
			files = (
				CE1DCF112A97004900E3CC3E /* AppBankTestsUITests.swift in Sources */,
				CE1DCF132A97004900E3CC3E /* AppBankTestsUITestsLaunchTests.swift in Sources */,
			);
			runOnlyForDeploymentPostprocessing = 0;
		};
/* End PBXSourcesBuildPhase section */

/* Begin PBXTargetDependency section */
		CE1DCF042A97004900E3CC3E /* PBXTargetDependency */ = {
			isa = PBXTargetDependency;
			target = CE1DCEEB2A97004400E3CC3E /* AppBank */;
			targetProxy = CE1DCF032A97004900E3CC3E /* PBXContainerItemProxy */;
		};
		CE1DCF0E2A97004900E3CC3E /* PBXTargetDependency */ = {
			isa = PBXTargetDependency;
			target = CE1DCEEB2A97004400E3CC3E /* AppBank */;
			targetProxy = CE1DCF0D2A97004900E3CC3E /* PBXContainerItemProxy */;
		};
/* End PBXTargetDependency section */

/* Begin PBXVariantGroup section */
		CE1DCEFA2A97004800E3CC3E /* LaunchScreen.storyboard */ = {
			isa = PBXVariantGroup;
			children = (
				CE1DCEFB2A97004800E3CC3E /* Base */,
			);
			name = LaunchScreen.storyboard;
			sourceTree = "<group>";
		};
/* End PBXVariantGroup section */

/* Begin XCBuildConfiguration section */
		CE1DCF142A97004900E3CC3E /* Debug */ = {
			isa = XCBuildConfiguration;
			buildSettings = {
				ALWAYS_SEARCH_USER_PATHS = NO;
				CLANG_ANALYZER_NONNULL = YES;
				CLANG_ANALYZER_NUMBER_OBJECT_CONVERSION = YES_AGGRESSIVE;
				CLANG_CXX_LANGUAGE_STANDARD = "gnu++20";
				CLANG_ENABLE_MODULES = YES;
				CLANG_ENABLE_OBJC_ARC = YES;
				CLANG_ENABLE_OBJC_WEAK = YES;
				CLANG_WARN_BLOCK_CAPTURE_AUTORELEASING = YES;
				CLANG_WARN_BOOL_CONVERSION = YES;
				CLANG_WARN_COMMA = YES;
				CLANG_WARN_CONSTANT_CONVERSION = YES;
				CLANG_WARN_DEPRECATED_OBJC_IMPLEMENTATIONS = YES;
				CLANG_WARN_DIRECT_OBJC_ISA_USAGE = YES_ERROR;
				CLANG_WARN_DOCUMENTATION_COMMENTS = YES;
				CLANG_WARN_EMPTY_BODY = YES;
				CLANG_WARN_ENUM_CONVERSION = YES;
				CLANG_WARN_INFINITE_RECURSION = YES;
				CLANG_WARN_INT_CONVERSION = YES;
				CLANG_WARN_NON_LITERAL_NULL_CONVERSION = YES;
				CLANG_WARN_OBJC_IMPLICIT_RETAIN_SELF = YES;
				CLANG_WARN_OBJC_LITERAL_CONVERSION = YES;
				CLANG_WARN_OBJC_ROOT_CLASS = YES_ERROR;
				CLANG_WARN_QUOTED_INCLUDE_IN_FRAMEWORK_HEADER = YES;
				CLANG_WARN_RANGE_LOOP_ANALYSIS = YES;
				CLANG_WARN_STRICT_PROTOTYPES = YES;
				CLANG_WARN_SUSPICIOUS_MOVE = YES;
				CLANG_WARN_UNGUARDED_AVAILABILITY = YES_AGGRESSIVE;
				CLANG_WARN_UNREACHABLE_CODE = YES;
				CLANG_WARN__DUPLICATE_METHOD_MATCH = YES;
				COPY_PHASE_STRIP = NO;
				DEBUG_INFORMATION_FORMAT = dwarf;
				ENABLE_STRICT_OBJC_MSGSEND = YES;
				ENABLE_TESTABILITY = YES;
				GCC_C_LANGUAGE_STANDARD = gnu11;
				GCC_DYNAMIC_NO_PIC = NO;
				GCC_NO_COMMON_BLOCKS = YES;
				GCC_OPTIMIZATION_LEVEL = 0;
				GCC_PREPROCESSOR_DEFINITIONS = (
					"DEBUG=1",
					"$(inherited)",
				);
				GCC_WARN_64_TO_32_BIT_CONVERSION = YES;
				GCC_WARN_ABOUT_RETURN_TYPE = YES_ERROR;
				GCC_WARN_UNDECLARED_SELECTOR = YES;
				GCC_WARN_UNINITIALIZED_AUTOS = YES_AGGRESSIVE;
				GCC_WARN_UNUSED_FUNCTION = YES;
				GCC_WARN_UNUSED_VARIABLE = YES;
				IPHONEOS_DEPLOYMENT_TARGET = 16.2;
				MTL_ENABLE_DEBUG_INFO = INCLUDE_SOURCE;
				MTL_FAST_MATH = YES;
				ONLY_ACTIVE_ARCH = YES;
				SDKROOT = iphoneos;
				SWIFT_ACTIVE_COMPILATION_CONDITIONS = DEBUG;
				SWIFT_OPTIMIZATION_LEVEL = "-Onone";
			};
			name = Debug;
		};
		CE1DCF152A97004900E3CC3E /* Release */ = {
			isa = XCBuildConfiguration;
			buildSettings = {
				ALWAYS_SEARCH_USER_PATHS = NO;
				CLANG_ANALYZER_NONNULL = YES;
				CLANG_ANALYZER_NUMBER_OBJECT_CONVERSION = YES_AGGRESSIVE;
				CLANG_CXX_LANGUAGE_STANDARD = "gnu++20";
				CLANG_ENABLE_MODULES = YES;
				CLANG_ENABLE_OBJC_ARC = YES;
				CLANG_ENABLE_OBJC_WEAK = YES;
				CLANG_WARN_BLOCK_CAPTURE_AUTORELEASING = YES;
				CLANG_WARN_BOOL_CONVERSION = YES;
				CLANG_WARN_COMMA = YES;
				CLANG_WARN_CONSTANT_CONVERSION = YES;
				CLANG_WARN_DEPRECATED_OBJC_IMPLEMENTATIONS = YES;
				CLANG_WARN_DIRECT_OBJC_ISA_USAGE = YES_ERROR;
				CLANG_WARN_DOCUMENTATION_COMMENTS = YES;
				CLANG_WARN_EMPTY_BODY = YES;
				CLANG_WARN_ENUM_CONVERSION = YES;
				CLANG_WARN_INFINITE_RECURSION = YES;
				CLANG_WARN_INT_CONVERSION = YES;
				CLANG_WARN_NON_LITERAL_NULL_CONVERSION = YES;
				CLANG_WARN_OBJC_IMPLICIT_RETAIN_SELF = YES;
				CLANG_WARN_OBJC_LITERAL_CONVERSION = YES;
				CLANG_WARN_OBJC_ROOT_CLASS = YES_ERROR;
				CLANG_WARN_QUOTED_INCLUDE_IN_FRAMEWORK_HEADER = YES;
				CLANG_WARN_RANGE_LOOP_ANALYSIS = YES;
				CLANG_WARN_STRICT_PROTOTYPES = YES;
				CLANG_WARN_SUSPICIOUS_MOVE = YES;
				CLANG_WARN_UNGUARDED_AVAILABILITY = YES_AGGRESSIVE;
				CLANG_WARN_UNREACHABLE_CODE = YES;
				CLANG_WARN__DUPLICATE_METHOD_MATCH = YES;
				COPY_PHASE_STRIP = NO;
				DEBUG_INFORMATION_FORMAT = "dwarf-with-dsym";
				ENABLE_NS_ASSERTIONS = NO;
				ENABLE_STRICT_OBJC_MSGSEND = YES;
				GCC_C_LANGUAGE_STANDARD = gnu11;
				GCC_NO_COMMON_BLOCKS = YES;
				GCC_WARN_64_TO_32_BIT_CONVERSION = YES;
				GCC_WARN_ABOUT_RETURN_TYPE = YES_ERROR;
				GCC_WARN_UNDECLARED_SELECTOR = YES;
				GCC_WARN_UNINITIALIZED_AUTOS = YES_AGGRESSIVE;
				GCC_WARN_UNUSED_FUNCTION = YES;
				GCC_WARN_UNUSED_VARIABLE = YES;
				IPHONEOS_DEPLOYMENT_TARGET = 16.2;
				MTL_ENABLE_DEBUG_INFO = NO;
				MTL_FAST_MATH = YES;
				SDKROOT = iphoneos;
				SWIFT_COMPILATION_MODE = wholemodule;
				SWIFT_OPTIMIZATION_LEVEL = "-O";
				VALIDATE_PRODUCT = YES;
			};
			name = Release;
		};
		CE1DCF172A97004900E3CC3E /* Debug */ = {
			isa = XCBuildConfiguration;
			baseConfigurationReference = AF8B04EF5BA56116FF957D64 /* Pods-AppBank.debug.xcconfig */;
			buildSettings = {
				ASSETCATALOG_COMPILER_APPICON_NAME = AppIcon;
				ASSETCATALOG_COMPILER_GLOBAL_ACCENT_COLOR_NAME = AccentColor;
				CODE_SIGN_STYLE = Automatic;
				CURRENT_PROJECT_VERSION = 1;
				DEVELOPMENT_TEAM = 96BGR9J6TU;
				GENERATE_INFOPLIST_FILE = YES;
				INFOPLIST_FILE = AppBank/Info.plist;
				INFOPLIST_KEY_UIApplicationSupportsIndirectInputEvents = YES;
				INFOPLIST_KEY_UILaunchStoryboardName = LaunchScreen;
				INFOPLIST_KEY_UIMainStoryboardFile = "";
				INFOPLIST_KEY_UISupportedInterfaceOrientations_iPad = "UIInterfaceOrientationPortrait UIInterfaceOrientationPortraitUpsideDown UIInterfaceOrientationLandscapeLeft UIInterfaceOrientationLandscapeRight";
				INFOPLIST_KEY_UISupportedInterfaceOrientations_iPhone = "UIInterfaceOrientationPortrait UIInterfaceOrientationLandscapeLeft UIInterfaceOrientationLandscapeRight";
				LD_RUNPATH_SEARCH_PATHS = (
					"$(inherited)",
					"@executable_path/Frameworks",
				);
				MARKETING_VERSION = 1.0;
				PRODUCT_BUNDLE_IDENTIFIER = com.pedroroca.AppBank;
				PRODUCT_NAME = "$(TARGET_NAME)";
				SUPPORTED_PLATFORMS = "iphoneos iphonesimulator";
				SUPPORTS_MACCATALYST = NO;
				SUPPORTS_MAC_DESIGNED_FOR_IPHONE_IPAD = NO;
				SWIFT_EMIT_LOC_STRINGS = YES;
				SWIFT_VERSION = 5.0;
				TARGETED_DEVICE_FAMILY = 1;
			};
			name = Debug;
		};
		CE1DCF182A97004900E3CC3E /* Release */ = {
			isa = XCBuildConfiguration;
			baseConfigurationReference = FED7000337A82C74C87633AB /* Pods-AppBank.release.xcconfig */;
			buildSettings = {
				ASSETCATALOG_COMPILER_APPICON_NAME = AppIcon;
				ASSETCATALOG_COMPILER_GLOBAL_ACCENT_COLOR_NAME = AccentColor;
				CODE_SIGN_STYLE = Automatic;
				CURRENT_PROJECT_VERSION = 1;
				DEVELOPMENT_TEAM = 96BGR9J6TU;
				GENERATE_INFOPLIST_FILE = YES;
				INFOPLIST_FILE = AppBank/Info.plist;
				INFOPLIST_KEY_UIApplicationSupportsIndirectInputEvents = YES;
				INFOPLIST_KEY_UILaunchStoryboardName = LaunchScreen;
				INFOPLIST_KEY_UIMainStoryboardFile = "";
				INFOPLIST_KEY_UISupportedInterfaceOrientations_iPad = "UIInterfaceOrientationPortrait UIInterfaceOrientationPortraitUpsideDown UIInterfaceOrientationLandscapeLeft UIInterfaceOrientationLandscapeRight";
				INFOPLIST_KEY_UISupportedInterfaceOrientations_iPhone = "UIInterfaceOrientationPortrait UIInterfaceOrientationLandscapeLeft UIInterfaceOrientationLandscapeRight";
				LD_RUNPATH_SEARCH_PATHS = (
					"$(inherited)",
					"@executable_path/Frameworks",
				);
				MARKETING_VERSION = 1.0;
				PRODUCT_BUNDLE_IDENTIFIER = com.pedroroca.AppBank;
				PRODUCT_NAME = "$(TARGET_NAME)";
				SUPPORTED_PLATFORMS = "iphoneos iphonesimulator";
				SUPPORTS_MACCATALYST = NO;
				SUPPORTS_MAC_DESIGNED_FOR_IPHONE_IPAD = NO;
				SWIFT_EMIT_LOC_STRINGS = YES;
				SWIFT_VERSION = 5.0;
				TARGETED_DEVICE_FAMILY = 1;
			};
			name = Release;
		};
		CE1DCF1A2A97004900E3CC3E /* Debug */ = {
			isa = XCBuildConfiguration;
			baseConfigurationReference = BAEECA456012D52C42661D59 /* Pods-AppBankTests.debug.xcconfig */;
			buildSettings = {
				ALWAYS_EMBED_SWIFT_STANDARD_LIBRARIES = YES;
				BUNDLE_LOADER = "$(TEST_HOST)";
				CLANG_ENABLE_MODULES = YES;
				CODE_SIGN_STYLE = Automatic;
				CURRENT_PROJECT_VERSION = 1;
				DEVELOPMENT_TEAM = 96BGR9J6TU;
				GENERATE_INFOPLIST_FILE = YES;
				HEADER_SEARCH_PATHS = (
					"$(inherited)",
					"\"${PODS_CONFIGURATION_BUILD_DIR}/RxCocoa/RxCocoa.framework/Headers\"",
					"\"${PODS_CONFIGURATION_BUILD_DIR}/RxRelay/RxRelay.framework/Headers\"",
					"\"${PODS_CONFIGURATION_BUILD_DIR}/RxSwift/RxSwift.framework/Headers\"",
				);
				IPHONEOS_DEPLOYMENT_TARGET = 16.2;
				LD_RUNPATH_SEARCH_PATHS = (
					"$(inherited)",
					"@executable_path/Frameworks",
					"@loader_path/Frameworks",
				);
				MARKETING_VERSION = 1.0;
				PRODUCT_BUNDLE_IDENTIFIER = com.pedroroca.ItubersTests;
				PRODUCT_NAME = "$(TARGET_NAME)";
				SWIFT_EMIT_LOC_STRINGS = NO;
				SWIFT_OBJC_BRIDGING_HEADER = "AppBankTests/LoginTests/AppBankTests-Bridging-Header.h";
				SWIFT_OPTIMIZATION_LEVEL = "-Onone";
				SWIFT_VERSION = 5.0;
				TARGETED_DEVICE_FAMILY = "1,2";
				TEST_HOST = "$(BUILT_PRODUCTS_DIR)/AppBank.app/$(BUNDLE_EXECUTABLE_FOLDER_PATH)/AppBank";
			};
			name = Debug;
		};
		CE1DCF1B2A97004900E3CC3E /* Release */ = {
			isa = XCBuildConfiguration;
			baseConfigurationReference = 89A6833F941054A1E8D7D8A7 /* Pods-AppBankTests.release.xcconfig */;
			buildSettings = {
				ALWAYS_EMBED_SWIFT_STANDARD_LIBRARIES = YES;
				BUNDLE_LOADER = "$(TEST_HOST)";
				CLANG_ENABLE_MODULES = YES;
				CODE_SIGN_STYLE = Automatic;
				CURRENT_PROJECT_VERSION = 1;
				DEVELOPMENT_TEAM = 96BGR9J6TU;
				GENERATE_INFOPLIST_FILE = YES;
				IPHONEOS_DEPLOYMENT_TARGET = 16.2;
				LD_RUNPATH_SEARCH_PATHS = (
					"$(inherited)",
					"@executable_path/Frameworks",
					"@loader_path/Frameworks",
				);
				MARKETING_VERSION = 1.0;
				PRODUCT_BUNDLE_IDENTIFIER = com.pedroroca.ItubersTests;
				PRODUCT_NAME = "$(TARGET_NAME)";
				SWIFT_EMIT_LOC_STRINGS = NO;
				SWIFT_OBJC_BRIDGING_HEADER = "AppBankTests/LoginTests/AppBankTests-Bridging-Header.h";
				SWIFT_VERSION = 5.0;
				TARGETED_DEVICE_FAMILY = "1,2";
				TEST_HOST = "$(BUILT_PRODUCTS_DIR)/AppBank.app/$(BUNDLE_EXECUTABLE_FOLDER_PATH)/AppBank";
			};
			name = Release;
		};
		CE1DCF1D2A97004900E3CC3E /* Debug */ = {
			isa = XCBuildConfiguration;
			baseConfigurationReference = A8A51C4D26009451B5E74810 /* Pods-AppBank-AppBankUITests.debug.xcconfig */;
			buildSettings = {
				ALWAYS_EMBED_SWIFT_STANDARD_LIBRARIES = YES;
				CODE_SIGN_STYLE = Automatic;
				CURRENT_PROJECT_VERSION = 1;
				DEVELOPMENT_TEAM = 96BGR9J6TU;
				GENERATE_INFOPLIST_FILE = YES;
				MARKETING_VERSION = 1.0;
				PRODUCT_BUNDLE_IDENTIFIER = com.pedroroca.ItubersUITests;
				PRODUCT_NAME = "$(TARGET_NAME)";
				SWIFT_EMIT_LOC_STRINGS = NO;
				SWIFT_VERSION = 5.0;
				TARGETED_DEVICE_FAMILY = "1,2";
				TEST_TARGET_NAME = Itubers;
			};
			name = Debug;
		};
		CE1DCF1E2A97004900E3CC3E /* Release */ = {
			isa = XCBuildConfiguration;
			baseConfigurationReference = DB7DEE8778CEB9C9736AAADD /* Pods-AppBank-AppBankUITests.release.xcconfig */;
			buildSettings = {
				ALWAYS_EMBED_SWIFT_STANDARD_LIBRARIES = YES;
				CODE_SIGN_STYLE = Automatic;
				CURRENT_PROJECT_VERSION = 1;
				DEVELOPMENT_TEAM = 96BGR9J6TU;
				GENERATE_INFOPLIST_FILE = YES;
				MARKETING_VERSION = 1.0;
				PRODUCT_BUNDLE_IDENTIFIER = com.pedroroca.ItubersUITests;
				PRODUCT_NAME = "$(TARGET_NAME)";
				SWIFT_EMIT_LOC_STRINGS = NO;
				SWIFT_VERSION = 5.0;
				TARGETED_DEVICE_FAMILY = "1,2";
				TEST_TARGET_NAME = Itubers;
			};
			name = Release;
		};
/* End XCBuildConfiguration section */

/* Begin XCConfigurationList section */
		CE1DCEE72A97004400E3CC3E /* Build configuration list for PBXProject "AppBank" */ = {
			isa = XCConfigurationList;
			buildConfigurations = (
				CE1DCF142A97004900E3CC3E /* Debug */,
				CE1DCF152A97004900E3CC3E /* Release */,
			);
			defaultConfigurationIsVisible = 0;
			defaultConfigurationName = Release;
		};
		CE1DCF162A97004900E3CC3E /* Build configuration list for PBXNativeTarget "AppBank" */ = {
			isa = XCConfigurationList;
			buildConfigurations = (
				CE1DCF172A97004900E3CC3E /* Debug */,
				CE1DCF182A97004900E3CC3E /* Release */,
			);
			defaultConfigurationIsVisible = 0;
			defaultConfigurationName = Release;
		};
		CE1DCF192A97004900E3CC3E /* Build configuration list for PBXNativeTarget "AppBankTests" */ = {
			isa = XCConfigurationList;
			buildConfigurations = (
				CE1DCF1A2A97004900E3CC3E /* Debug */,
				CE1DCF1B2A97004900E3CC3E /* Release */,
			);
			defaultConfigurationIsVisible = 0;
			defaultConfigurationName = Release;
		};
		CE1DCF1C2A97004900E3CC3E /* Build configuration list for PBXNativeTarget "AppBankUITests" */ = {
			isa = XCConfigurationList;
			buildConfigurations = (
				CE1DCF1D2A97004900E3CC3E /* Debug */,
				CE1DCF1E2A97004900E3CC3E /* Release */,
			);
			defaultConfigurationIsVisible = 0;
			defaultConfigurationName = Release;
		};
/* End XCConfigurationList section */

/* Begin XCRemoteSwiftPackageReference section */
		CE6B6C7D2BA344FF002DAA9E /* XCRemoteSwiftPackageReference "firebase-ios-sdk" */ = {
			isa = XCRemoteSwiftPackageReference;
			repositoryURL = "https://github.com/firebase/firebase-ios-sdk.git";
			requirement = {
				kind = upToNextMajorVersion;
				minimumVersion = 10.22.1;
			};
		};
/* End XCRemoteSwiftPackageReference section */

/* Begin XCSwiftPackageProductDependency section */
		CE6B6C7E2BA3473F002DAA9E /* FirebaseAuth */ = {
			isa = XCSwiftPackageProductDependency;
			package = CE6B6C7D2BA344FF002DAA9E /* XCRemoteSwiftPackageReference "firebase-ios-sdk" */;
			productName = FirebaseAuth;
		};
		CE6B6C802BA3474B002DAA9E /* FirebaseFirestore */ = {
			isa = XCSwiftPackageProductDependency;
			package = CE6B6C7D2BA344FF002DAA9E /* XCRemoteSwiftPackageReference "firebase-ios-sdk" */;
			productName = FirebaseFirestore;
		};
/* End XCSwiftPackageProductDependency section */
	};
	rootObject = CE1DCEE42A97004400E3CC3E /* Project object */;
}
