// !$*UTF8*$!
{
	archiveVersion = 1;
	classes = {
	};
	objectVersion = 56;
	objects = {

/* Begin PBXBuildFile section */
		CBD38C4E18D9BB128F99969A /* Pods_Itubers_ItubersUITests.framework in Frameworks */ = {isa = PBXBuildFile; fileRef = A6464F85739BB081BE70C4CC /* Pods_Itubers_ItubersUITests.framework */; };
		CE1B474C2A97FE9000056914 /* AuthenticatorFirebase.swift in Sources */ = {isa = PBXBuildFile; fileRef = CE1B474B2A97FE9000056914 /* AuthenticatorFirebase.swift */; };
		CE1DCEF02A97004400E3CC3E /* AppDelegate.swift in Sources */ = {isa = PBXBuildFile; fileRef = CE1DCEEF2A97004400E3CC3E /* AppDelegate.swift */; };
		CE1DCEF22A97004400E3CC3E /* SceneDelegate.swift in Sources */ = {isa = PBXBuildFile; fileRef = CE1DCEF12A97004400E3CC3E /* SceneDelegate.swift */; };
		CE1DCEF92A97004800E3CC3E /* Assets.xcassets in Resources */ = {isa = PBXBuildFile; fileRef = CE1DCEF82A97004800E3CC3E /* Assets.xcassets */; };
		CE1DCEFC2A97004800E3CC3E /* LaunchScreen.storyboard in Resources */ = {isa = PBXBuildFile; fileRef = CE1DCEFA2A97004800E3CC3E /* LaunchScreen.storyboard */; };
		CE1DCF072A97004900E3CC3E /* ItubersTests.swift in Sources */ = {isa = PBXBuildFile; fileRef = CE1DCF062A97004900E3CC3E /* ItubersTests.swift */; };
		CE1DCF112A97004900E3CC3E /* ItubersUITests.swift in Sources */ = {isa = PBXBuildFile; fileRef = CE1DCF102A97004900E3CC3E /* ItubersUITests.swift */; };
		CE1DCF132A97004900E3CC3E /* ItubersUITestsLaunchTests.swift in Sources */ = {isa = PBXBuildFile; fileRef = CE1DCF122A97004900E3CC3E /* ItubersUITestsLaunchTests.swift */; };
		CE1DCF242A97012300E3CC3E /* LoginViewController.swift in Sources */ = {isa = PBXBuildFile; fileRef = CE1DCF232A97012300E3CC3E /* LoginViewController.swift */; };
		CE1DCF262A97012E00E3CC3E /* LoginView.swift in Sources */ = {isa = PBXBuildFile; fileRef = CE1DCF252A97012E00E3CC3E /* LoginView.swift */; };
		CE1DCF282A97013A00E3CC3E /* LoginCoordinator.swift in Sources */ = {isa = PBXBuildFile; fileRef = CE1DCF272A97013A00E3CC3E /* LoginCoordinator.swift */; };
		CE1DCF2A2A97026C00E3CC3E /* Coordinator.swift in Sources */ = {isa = PBXBuildFile; fileRef = CE1DCF292A97026C00E3CC3E /* Coordinator.swift */; };
		CE1DCF2E2A9704D200E3CC3E /* LabelDefault.swift in Sources */ = {isa = PBXBuildFile; fileRef = CE1DCF2D2A9704D200E3CC3E /* LabelDefault.swift */; };
		CE1DCF302A97074B00E3CC3E /* TextFieldDefault.swift in Sources */ = {isa = PBXBuildFile; fileRef = CE1DCF2F2A97074B00E3CC3E /* TextFieldDefault.swift */; };
		CE1DCF322A9709D400E3CC3E /* ButtonDefault.swift in Sources */ = {isa = PBXBuildFile; fileRef = CE1DCF312A9709D400E3CC3E /* ButtonDefault.swift */; };
		CE5BA4C82A97AAB300449C0A /* ViewControllerDefault.swift in Sources */ = {isa = PBXBuildFile; fileRef = CE5BA4C72A97AAB300449C0A /* ViewControllerDefault.swift */; };
		CE5BA4CB2A97ABC500449C0A /* RegisterView.swift in Sources */ = {isa = PBXBuildFile; fileRef = CE5BA4CA2A97ABC500449C0A /* RegisterView.swift */; };
		CE5BA4CD2A97ABD100449C0A /* RegisterViewController.swift in Sources */ = {isa = PBXBuildFile; fileRef = CE5BA4CC2A97ABD100449C0A /* RegisterViewController.swift */; };
		CE5BA4CF2A97B9B600449C0A /* RegisterCoordinator.swift in Sources */ = {isa = PBXBuildFile; fileRef = CE5BA4CE2A97B9B600449C0A /* RegisterCoordinator.swift */; };
		CE5BA4D12A97E99A00449C0A /* LoginViewModel.swift in Sources */ = {isa = PBXBuildFile; fileRef = CE5BA4D02A97E99A00449C0A /* LoginViewModel.swift */; };
		CE5BA4D32A97EBA100449C0A /* GoogleService-Info.plist in Resources */ = {isa = PBXBuildFile; fileRef = CE5BA4D22A97EBA100449C0A /* GoogleService-Info.plist */; };
		CE5BA4D62A97EC8C00449C0A /* FirebaseAuth in Frameworks */ = {isa = PBXBuildFile; productRef = CE5BA4D52A97EC8C00449C0A /* FirebaseAuth */; };
		CE5BA4D82A97EC8C00449C0A /* FirebaseFirestore in Frameworks */ = {isa = PBXBuildFile; productRef = CE5BA4D72A97EC8C00449C0A /* FirebaseFirestore */; };
		CE5BA4DD2A97EF4200449C0A /* RegisterViewModel.swift in Sources */ = {isa = PBXBuildFile; fileRef = CE5BA4DC2A97EF4200449C0A /* RegisterViewModel.swift */; };
		CE5BA4E02A97EFB800449C0A /* Users.swift in Sources */ = {isa = PBXBuildFile; fileRef = CE5BA4DF2A97EFB800449C0A /* Users.swift */; };
		DDBC039299E602F2813EA210 /* Pods_Itubers.framework in Frameworks */ = {isa = PBXBuildFile; fileRef = BA4AEECEB59B9C712FAE34DB /* Pods_Itubers.framework */; };
		FD214C5F15D4E61ABDB5DF79 /* Pods_ItubersTests.framework in Frameworks */ = {isa = PBXBuildFile; fileRef = 97E288E1C8F1D5F33464B21F /* Pods_ItubersTests.framework */; };
/* End PBXBuildFile section */

/* Begin PBXContainerItemProxy section */
		CE1DCF032A97004900E3CC3E /* PBXContainerItemProxy */ = {
			isa = PBXContainerItemProxy;
			containerPortal = CE1DCEE42A97004400E3CC3E /* Project object */;
			proxyType = 1;
			remoteGlobalIDString = CE1DCEEB2A97004400E3CC3E;
			remoteInfo = Itubers;
		};
		CE1DCF0D2A97004900E3CC3E /* PBXContainerItemProxy */ = {
			isa = PBXContainerItemProxy;
			containerPortal = CE1DCEE42A97004400E3CC3E /* Project object */;
			proxyType = 1;
			remoteGlobalIDString = CE1DCEEB2A97004400E3CC3E;
			remoteInfo = Itubers;
		};
/* End PBXContainerItemProxy section */

/* Begin PBXFileReference section */
		2662D6C632BB774AB78F69FC /* Pods-Itubers-ItubersUITests.release.xcconfig */ = {isa = PBXFileReference; includeInIndex = 1; lastKnownFileType = text.xcconfig; name = "Pods-Itubers-ItubersUITests.release.xcconfig"; path = "Target Support Files/Pods-Itubers-ItubersUITests/Pods-Itubers-ItubersUITests.release.xcconfig"; sourceTree = "<group>"; };
		52D5A020203C32F5216C41E2 /* Pods-Itubers-ItubersUITests.debug.xcconfig */ = {isa = PBXFileReference; includeInIndex = 1; lastKnownFileType = text.xcconfig; name = "Pods-Itubers-ItubersUITests.debug.xcconfig"; path = "Target Support Files/Pods-Itubers-ItubersUITests/Pods-Itubers-ItubersUITests.debug.xcconfig"; sourceTree = "<group>"; };
		696EE36C91E2F28F42DEF894 /* Pods-Itubers.release.xcconfig */ = {isa = PBXFileReference; includeInIndex = 1; lastKnownFileType = text.xcconfig; name = "Pods-Itubers.release.xcconfig"; path = "Target Support Files/Pods-Itubers/Pods-Itubers.release.xcconfig"; sourceTree = "<group>"; };
		97E288E1C8F1D5F33464B21F /* Pods_ItubersTests.framework */ = {isa = PBXFileReference; explicitFileType = wrapper.framework; includeInIndex = 0; path = Pods_ItubersTests.framework; sourceTree = BUILT_PRODUCTS_DIR; };
		A6464F85739BB081BE70C4CC /* Pods_Itubers_ItubersUITests.framework */ = {isa = PBXFileReference; explicitFileType = wrapper.framework; includeInIndex = 0; path = Pods_Itubers_ItubersUITests.framework; sourceTree = BUILT_PRODUCTS_DIR; };
		B096BF502BBA353DB97C2989 /* Pods-ItubersTests.debug.xcconfig */ = {isa = PBXFileReference; includeInIndex = 1; lastKnownFileType = text.xcconfig; name = "Pods-ItubersTests.debug.xcconfig"; path = "Target Support Files/Pods-ItubersTests/Pods-ItubersTests.debug.xcconfig"; sourceTree = "<group>"; };
		BA4AEECEB59B9C712FAE34DB /* Pods_Itubers.framework */ = {isa = PBXFileReference; explicitFileType = wrapper.framework; includeInIndex = 0; path = Pods_Itubers.framework; sourceTree = BUILT_PRODUCTS_DIR; };
		C8AC14F57A3A1BBC828B90BA /* Pods-Itubers.debug.xcconfig */ = {isa = PBXFileReference; includeInIndex = 1; lastKnownFileType = text.xcconfig; name = "Pods-Itubers.debug.xcconfig"; path = "Target Support Files/Pods-Itubers/Pods-Itubers.debug.xcconfig"; sourceTree = "<group>"; };
		CE1B474B2A97FE9000056914 /* AuthenticatorFirebase.swift */ = {isa = PBXFileReference; lastKnownFileType = sourcecode.swift; path = AuthenticatorFirebase.swift; sourceTree = "<group>"; };
		CE1DCEEC2A97004400E3CC3E /* Itubers.app */ = {isa = PBXFileReference; explicitFileType = wrapper.application; includeInIndex = 0; path = Itubers.app; sourceTree = BUILT_PRODUCTS_DIR; };
		CE1DCEEF2A97004400E3CC3E /* AppDelegate.swift */ = {isa = PBXFileReference; lastKnownFileType = sourcecode.swift; path = AppDelegate.swift; sourceTree = "<group>"; };
		CE1DCEF12A97004400E3CC3E /* SceneDelegate.swift */ = {isa = PBXFileReference; lastKnownFileType = sourcecode.swift; path = SceneDelegate.swift; sourceTree = "<group>"; };
		CE1DCEF82A97004800E3CC3E /* Assets.xcassets */ = {isa = PBXFileReference; lastKnownFileType = folder.assetcatalog; path = Assets.xcassets; sourceTree = "<group>"; };
		CE1DCEFB2A97004800E3CC3E /* Base */ = {isa = PBXFileReference; lastKnownFileType = file.storyboard; name = Base; path = Base.lproj/LaunchScreen.storyboard; sourceTree = "<group>"; };
		CE1DCEFD2A97004800E3CC3E /* Info.plist */ = {isa = PBXFileReference; lastKnownFileType = text.plist.xml; path = Info.plist; sourceTree = "<group>"; };
		CE1DCF022A97004900E3CC3E /* ItubersTests.xctest */ = {isa = PBXFileReference; explicitFileType = wrapper.cfbundle; includeInIndex = 0; path = ItubersTests.xctest; sourceTree = BUILT_PRODUCTS_DIR; };
		CE1DCF062A97004900E3CC3E /* ItubersTests.swift */ = {isa = PBXFileReference; lastKnownFileType = sourcecode.swift; path = ItubersTests.swift; sourceTree = "<group>"; };
		CE1DCF0C2A97004900E3CC3E /* ItubersUITests.xctest */ = {isa = PBXFileReference; explicitFileType = wrapper.cfbundle; includeInIndex = 0; path = ItubersUITests.xctest; sourceTree = BUILT_PRODUCTS_DIR; };
		CE1DCF102A97004900E3CC3E /* ItubersUITests.swift */ = {isa = PBXFileReference; lastKnownFileType = sourcecode.swift; path = ItubersUITests.swift; sourceTree = "<group>"; };
		CE1DCF122A97004900E3CC3E /* ItubersUITestsLaunchTests.swift */ = {isa = PBXFileReference; lastKnownFileType = sourcecode.swift; path = ItubersUITestsLaunchTests.swift; sourceTree = "<group>"; };
		CE1DCF232A97012300E3CC3E /* LoginViewController.swift */ = {isa = PBXFileReference; lastKnownFileType = sourcecode.swift; path = LoginViewController.swift; sourceTree = "<group>"; };
		CE1DCF252A97012E00E3CC3E /* LoginView.swift */ = {isa = PBXFileReference; lastKnownFileType = sourcecode.swift; path = LoginView.swift; sourceTree = "<group>"; };
		CE1DCF272A97013A00E3CC3E /* LoginCoordinator.swift */ = {isa = PBXFileReference; lastKnownFileType = sourcecode.swift; path = LoginCoordinator.swift; sourceTree = "<group>"; };
		CE1DCF292A97026C00E3CC3E /* Coordinator.swift */ = {isa = PBXFileReference; lastKnownFileType = sourcecode.swift; path = Coordinator.swift; sourceTree = "<group>"; };
		CE1DCF2D2A9704D200E3CC3E /* LabelDefault.swift */ = {isa = PBXFileReference; lastKnownFileType = sourcecode.swift; path = LabelDefault.swift; sourceTree = "<group>"; };
		CE1DCF2F2A97074B00E3CC3E /* TextFieldDefault.swift */ = {isa = PBXFileReference; lastKnownFileType = sourcecode.swift; path = TextFieldDefault.swift; sourceTree = "<group>"; };
		CE1DCF312A9709D400E3CC3E /* ButtonDefault.swift */ = {isa = PBXFileReference; lastKnownFileType = sourcecode.swift; path = ButtonDefault.swift; sourceTree = "<group>"; };
		CE5BA4C72A97AAB300449C0A /* ViewControllerDefault.swift */ = {isa = PBXFileReference; lastKnownFileType = sourcecode.swift; path = ViewControllerDefault.swift; sourceTree = "<group>"; };
		CE5BA4CA2A97ABC500449C0A /* RegisterView.swift */ = {isa = PBXFileReference; lastKnownFileType = sourcecode.swift; path = RegisterView.swift; sourceTree = "<group>"; };
		CE5BA4CC2A97ABD100449C0A /* RegisterViewController.swift */ = {isa = PBXFileReference; lastKnownFileType = sourcecode.swift; path = RegisterViewController.swift; sourceTree = "<group>"; };
		CE5BA4CE2A97B9B600449C0A /* RegisterCoordinator.swift */ = {isa = PBXFileReference; lastKnownFileType = sourcecode.swift; path = RegisterCoordinator.swift; sourceTree = "<group>"; };
		CE5BA4D02A97E99A00449C0A /* LoginViewModel.swift */ = {isa = PBXFileReference; lastKnownFileType = sourcecode.swift; path = LoginViewModel.swift; sourceTree = "<group>"; };
		CE5BA4D22A97EBA100449C0A /* GoogleService-Info.plist */ = {isa = PBXFileReference; fileEncoding = 4; lastKnownFileType = text.plist.xml; path = "GoogleService-Info.plist"; sourceTree = "<group>"; };
		CE5BA4DC2A97EF4200449C0A /* RegisterViewModel.swift */ = {isa = PBXFileReference; lastKnownFileType = sourcecode.swift; path = RegisterViewModel.swift; sourceTree = "<group>"; };
		CE5BA4DF2A97EFB800449C0A /* Users.swift */ = {isa = PBXFileReference; lastKnownFileType = sourcecode.swift; path = Users.swift; sourceTree = "<group>"; };
		EAC9253E87BF947148568B74 /* Pods-ItubersTests.release.xcconfig */ = {isa = PBXFileReference; includeInIndex = 1; lastKnownFileType = text.xcconfig; name = "Pods-ItubersTests.release.xcconfig"; path = "Target Support Files/Pods-ItubersTests/Pods-ItubersTests.release.xcconfig"; sourceTree = "<group>"; };
/* End PBXFileReference section */

/* Begin PBXFrameworksBuildPhase section */
		CE1DCEE92A97004400E3CC3E /* Frameworks */ = {
			isa = PBXFrameworksBuildPhase;
			buildActionMask = 2147483647;
			files = (
				DDBC039299E602F2813EA210 /* Pods_Itubers.framework in Frameworks */,
				CE5BA4D62A97EC8C00449C0A /* FirebaseAuth in Frameworks */,
				CE5BA4D82A97EC8C00449C0A /* FirebaseFirestore in Frameworks */,
			);
			runOnlyForDeploymentPostprocessing = 0;
		};
		CE1DCEFF2A97004900E3CC3E /* Frameworks */ = {
			isa = PBXFrameworksBuildPhase;
			buildActionMask = 2147483647;
			files = (
				FD214C5F15D4E61ABDB5DF79 /* Pods_ItubersTests.framework in Frameworks */,
			);
			runOnlyForDeploymentPostprocessing = 0;
		};
		CE1DCF092A97004900E3CC3E /* Frameworks */ = {
			isa = PBXFrameworksBuildPhase;
			buildActionMask = 2147483647;
			files = (
				CBD38C4E18D9BB128F99969A /* Pods_Itubers_ItubersUITests.framework in Frameworks */,
			);
			runOnlyForDeploymentPostprocessing = 0;
		};
/* End PBXFrameworksBuildPhase section */

/* Begin PBXGroup section */
		BB4C61C18CA69575C9363E76 /* Frameworks */ = {
			isa = PBXGroup;
			children = (
				BA4AEECEB59B9C712FAE34DB /* Pods_Itubers.framework */,
				A6464F85739BB081BE70C4CC /* Pods_Itubers_ItubersUITests.framework */,
				97E288E1C8F1D5F33464B21F /* Pods_ItubersTests.framework */,
			);
			name = Frameworks;
			sourceTree = "<group>";
		};
		CE1DCEE32A97004400E3CC3E = {
			isa = PBXGroup;
			children = (
				CE1DCF202A97009500E3CC3E /* Source */,
				CE1DCEEE2A97004400E3CC3E /* Itubers */,
				CE1DCF052A97004900E3CC3E /* ItubersTests */,
				CE1DCF0F2A97004900E3CC3E /* ItubersUITests */,
				CE1DCEED2A97004400E3CC3E /* Products */,
				D4F9E917F3E3693F45C5871C /* Pods */,
				BB4C61C18CA69575C9363E76 /* Frameworks */,
			);
			sourceTree = "<group>";
		};
		CE1DCEED2A97004400E3CC3E /* Products */ = {
			isa = PBXGroup;
			children = (
				CE1DCEEC2A97004400E3CC3E /* Itubers.app */,
				CE1DCF022A97004900E3CC3E /* ItubersTests.xctest */,
				CE1DCF0C2A97004900E3CC3E /* ItubersUITests.xctest */,
			);
			name = Products;
			sourceTree = "<group>";
		};
		CE1DCEEE2A97004400E3CC3E /* Itubers */ = {
			isa = PBXGroup;
			children = (
				CE1DCEEF2A97004400E3CC3E /* AppDelegate.swift */,
				CE1DCEF12A97004400E3CC3E /* SceneDelegate.swift */,
				CE1DCEF82A97004800E3CC3E /* Assets.xcassets */,
				CE1DCEFA2A97004800E3CC3E /* LaunchScreen.storyboard */,
				CE5BA4D22A97EBA100449C0A /* GoogleService-Info.plist */,
				CE1DCEFD2A97004800E3CC3E /* Info.plist */,
			);
			path = Itubers;
			sourceTree = "<group>";
		};
		CE1DCF052A97004900E3CC3E /* ItubersTests */ = {
			isa = PBXGroup;
			children = (
				CE1DCF062A97004900E3CC3E /* ItubersTests.swift */,
			);
			path = ItubersTests;
			sourceTree = "<group>";
		};
		CE1DCF0F2A97004900E3CC3E /* ItubersUITests */ = {
			isa = PBXGroup;
			children = (
				CE1DCF102A97004900E3CC3E /* ItubersUITests.swift */,
				CE1DCF122A97004900E3CC3E /* ItubersUITestsLaunchTests.swift */,
			);
			path = ItubersUITests;
			sourceTree = "<group>";
		};
		CE1DCF202A97009500E3CC3E /* Source */ = {
			isa = PBXGroup;
			children = (
				CE1DCF222A9700B300E3CC3E /* Coordinator */,
				CE1DCF2B2A9704A200E3CC3E /* Infraestrutura */,
				CE1DCF212A9700AA00E3CC3E /* Login */,
				CE5BA4DE2A97EFA600449C0A /* Model */,
				CE5BA4C92A97ABAB00449C0A /* Register */,
				CE5BA4D92A97EE3500449C0A /* Service */,
			);
			path = Source;
			sourceTree = "<group>";
		};
		CE1DCF212A9700AA00E3CC3E /* Login */ = {
			isa = PBXGroup;
			children = (
				CE1DCF252A97012E00E3CC3E /* LoginView.swift */,
				CE1DCF232A97012300E3CC3E /* LoginViewController.swift */,
				CE5BA4D02A97E99A00449C0A /* LoginViewModel.swift */,
			);
			path = Login;
			sourceTree = "<group>";
		};
		CE1DCF222A9700B300E3CC3E /* Coordinator */ = {
			isa = PBXGroup;
			children = (
				CE1DCF292A97026C00E3CC3E /* Coordinator.swift */,
				CE1DCF272A97013A00E3CC3E /* LoginCoordinator.swift */,
				CE5BA4CE2A97B9B600449C0A /* RegisterCoordinator.swift */,
			);
			path = Coordinator;
			sourceTree = "<group>";
		};
		CE1DCF2B2A9704A200E3CC3E /* Infraestrutura */ = {
			isa = PBXGroup;
			children = (
				CE1DCF2C2A9704BF00E3CC3E /* Components */,
			);
			path = Infraestrutura;
			sourceTree = "<group>";
		};
		CE1DCF2C2A9704BF00E3CC3E /* Components */ = {
			isa = PBXGroup;
			children = (
				CE1DCF312A9709D400E3CC3E /* ButtonDefault.swift */,
				CE1DCF2D2A9704D200E3CC3E /* LabelDefault.swift */,
				CE1DCF2F2A97074B00E3CC3E /* TextFieldDefault.swift */,
				CE5BA4C72A97AAB300449C0A /* ViewControllerDefault.swift */,
			);
			path = Components;
			sourceTree = "<group>";
		};
		CE5BA4C92A97ABAB00449C0A /* Register */ = {
			isa = PBXGroup;
			children = (
				CE5BA4CA2A97ABC500449C0A /* RegisterView.swift */,
				CE5BA4CC2A97ABD100449C0A /* RegisterViewController.swift */,
				CE5BA4DC2A97EF4200449C0A /* RegisterViewModel.swift */,
			);
			path = Register;
			sourceTree = "<group>";
		};
		CE5BA4D92A97EE3500449C0A /* Service */ = {
			isa = PBXGroup;
			children = (
				CE1B474B2A97FE9000056914 /* AuthenticatorFirebase.swift */,
			);
			path = Service;
			sourceTree = "<group>";
		};
		CE5BA4DE2A97EFA600449C0A /* Model */ = {
			isa = PBXGroup;
			children = (
				CE5BA4DF2A97EFB800449C0A /* Users.swift */,
			);
			path = Model;
			sourceTree = "<group>";
		};
		D4F9E917F3E3693F45C5871C /* Pods */ = {
			isa = PBXGroup;
			children = (
				C8AC14F57A3A1BBC828B90BA /* Pods-Itubers.debug.xcconfig */,
				696EE36C91E2F28F42DEF894 /* Pods-Itubers.release.xcconfig */,
				52D5A020203C32F5216C41E2 /* Pods-Itubers-ItubersUITests.debug.xcconfig */,
				2662D6C632BB774AB78F69FC /* Pods-Itubers-ItubersUITests.release.xcconfig */,
				B096BF502BBA353DB97C2989 /* Pods-ItubersTests.debug.xcconfig */,
				EAC9253E87BF947148568B74 /* Pods-ItubersTests.release.xcconfig */,
			);
			path = Pods;
			sourceTree = "<group>";
		};
/* End PBXGroup section */

/* Begin PBXNativeTarget section */
		CE1DCEEB2A97004400E3CC3E /* Itubers */ = {
			isa = PBXNativeTarget;
			buildConfigurationList = CE1DCF162A97004900E3CC3E /* Build configuration list for PBXNativeTarget "Itubers" */;
			buildPhases = (
				7EE797A0BD4536BE951FB139 /* [CP] Check Pods Manifest.lock */,
				CE1DCEE82A97004400E3CC3E /* Sources */,
				CE1DCEE92A97004400E3CC3E /* Frameworks */,
				CE1DCEEA2A97004400E3CC3E /* Resources */,
				1B6DA016633956B52B8BFD79 /* [CP] Embed Pods Frameworks */,
			);
			buildRules = (
			);
			dependencies = (
			);
			name = Itubers;
			packageProductDependencies = (
				CE5BA4D52A97EC8C00449C0A /* FirebaseAuth */,
				CE5BA4D72A97EC8C00449C0A /* FirebaseFirestore */,
			);
			productName = Itubers;
			productReference = CE1DCEEC2A97004400E3CC3E /* Itubers.app */;
			productType = "com.apple.product-type.application";
		};
		CE1DCF012A97004900E3CC3E /* ItubersTests */ = {
			isa = PBXNativeTarget;
			buildConfigurationList = CE1DCF192A97004900E3CC3E /* Build configuration list for PBXNativeTarget "ItubersTests" */;
			buildPhases = (
				537FC2A912D96E9A5C590A79 /* [CP] Check Pods Manifest.lock */,
				CE1DCEFE2A97004900E3CC3E /* Sources */,
				CE1DCEFF2A97004900E3CC3E /* Frameworks */,
				CE1DCF002A97004900E3CC3E /* Resources */,
			);
			buildRules = (
			);
			dependencies = (
				CE1DCF042A97004900E3CC3E /* PBXTargetDependency */,
			);
			name = ItubersTests;
			productName = ItubersTests;
			productReference = CE1DCF022A97004900E3CC3E /* ItubersTests.xctest */;
			productType = "com.apple.product-type.bundle.unit-test";
		};
		CE1DCF0B2A97004900E3CC3E /* ItubersUITests */ = {
			isa = PBXNativeTarget;
			buildConfigurationList = CE1DCF1C2A97004900E3CC3E /* Build configuration list for PBXNativeTarget "ItubersUITests" */;
			buildPhases = (
				A18E424238E5EFED6A8ECA0B /* [CP] Check Pods Manifest.lock */,
				CE1DCF082A97004900E3CC3E /* Sources */,
				CE1DCF092A97004900E3CC3E /* Frameworks */,
				CE1DCF0A2A97004900E3CC3E /* Resources */,
				EBB4B422BAC14AA92113B8EC /* [CP] Embed Pods Frameworks */,
			);
			buildRules = (
			);
			dependencies = (
				CE1DCF0E2A97004900E3CC3E /* PBXTargetDependency */,
			);
			name = ItubersUITests;
			productName = ItubersUITests;
			productReference = CE1DCF0C2A97004900E3CC3E /* ItubersUITests.xctest */;
			productType = "com.apple.product-type.bundle.ui-testing";
		};
/* End PBXNativeTarget section */

/* Begin PBXProject section */
		CE1DCEE42A97004400E3CC3E /* Project object */ = {
			isa = PBXProject;
			attributes = {
				BuildIndependentTargetsInParallel = 1;
				LastSwiftUpdateCheck = 1420;
				LastUpgradeCheck = 1420;
				TargetAttributes = {
					CE1DCEEB2A97004400E3CC3E = {
						CreatedOnToolsVersion = 14.2;
					};
					CE1DCF012A97004900E3CC3E = {
						CreatedOnToolsVersion = 14.2;
						TestTargetID = CE1DCEEB2A97004400E3CC3E;
					};
					CE1DCF0B2A97004900E3CC3E = {
						CreatedOnToolsVersion = 14.2;
						TestTargetID = CE1DCEEB2A97004400E3CC3E;
					};
				};
			};
			buildConfigurationList = CE1DCEE72A97004400E3CC3E /* Build configuration list for PBXProject "Itubers" */;
			compatibilityVersion = "Xcode 14.0";
			developmentRegion = en;
			hasScannedForEncodings = 0;
			knownRegions = (
				en,
				Base,
			);
			mainGroup = CE1DCEE32A97004400E3CC3E;
			packageReferences = (
				CE5BA4D42A97EC8C00449C0A /* XCRemoteSwiftPackageReference "firebase-ios-sdk" */,
			);
			productRefGroup = CE1DCEED2A97004400E3CC3E /* Products */;
			projectDirPath = "";
			projectRoot = "";
			targets = (
				CE1DCEEB2A97004400E3CC3E /* Itubers */,
				CE1DCF012A97004900E3CC3E /* ItubersTests */,
				CE1DCF0B2A97004900E3CC3E /* ItubersUITests */,
			);
		};
/* End PBXProject section */

/* Begin PBXResourcesBuildPhase section */
		CE1DCEEA2A97004400E3CC3E /* Resources */ = {
			isa = PBXResourcesBuildPhase;
			buildActionMask = 2147483647;
			files = (
				CE1DCEFC2A97004800E3CC3E /* LaunchScreen.storyboard in Resources */,
				CE1DCEF92A97004800E3CC3E /* Assets.xcassets in Resources */,
				CE5BA4D32A97EBA100449C0A /* GoogleService-Info.plist in Resources */,
			);
			runOnlyForDeploymentPostprocessing = 0;
		};
		CE1DCF002A97004900E3CC3E /* Resources */ = {
			isa = PBXResourcesBuildPhase;
			buildActionMask = 2147483647;
			files = (
			);
			runOnlyForDeploymentPostprocessing = 0;
		};
		CE1DCF0A2A97004900E3CC3E /* Resources */ = {
			isa = PBXResourcesBuildPhase;
			buildActionMask = 2147483647;
			files = (
			);
			runOnlyForDeploymentPostprocessing = 0;
		};
/* End PBXResourcesBuildPhase section */

/* Begin PBXShellScriptBuildPhase section */
		1B6DA016633956B52B8BFD79 /* [CP] Embed Pods Frameworks */ = {
			isa = PBXShellScriptBuildPhase;
			buildActionMask = 2147483647;
			files = (
			);
			inputFileListPaths = (
				"${PODS_ROOT}/Target Support Files/Pods-Itubers/Pods-Itubers-frameworks-${CONFIGURATION}-input-files.xcfilelist",
			);
			name = "[CP] Embed Pods Frameworks";
			outputFileListPaths = (
				"${PODS_ROOT}/Target Support Files/Pods-Itubers/Pods-Itubers-frameworks-${CONFIGURATION}-output-files.xcfilelist",
			);
			runOnlyForDeploymentPostprocessing = 0;
			shellPath = /bin/sh;
			shellScript = "\"${PODS_ROOT}/Target Support Files/Pods-Itubers/Pods-Itubers-frameworks.sh\"\n";
			showEnvVarsInLog = 0;
		};
		537FC2A912D96E9A5C590A79 /* [CP] Check Pods Manifest.lock */ = {
			isa = PBXShellScriptBuildPhase;
			buildActionMask = 2147483647;
			files = (
			);
			inputFileListPaths = (
			);
			inputPaths = (
				"${PODS_PODFILE_DIR_PATH}/Podfile.lock",
				"${PODS_ROOT}/Manifest.lock",
			);
			name = "[CP] Check Pods Manifest.lock";
			outputFileListPaths = (
			);
			outputPaths = (
				"$(DERIVED_FILE_DIR)/Pods-ItubersTests-checkManifestLockResult.txt",
			);
			runOnlyForDeploymentPostprocessing = 0;
			shellPath = /bin/sh;
			shellScript = "diff \"${PODS_PODFILE_DIR_PATH}/Podfile.lock\" \"${PODS_ROOT}/Manifest.lock\" > /dev/null\nif [ $? != 0 ] ; then\n    # print error to STDERR\n    echo \"error: The sandbox is not in sync with the Podfile.lock. Run 'pod install' or update your CocoaPods installation.\" >&2\n    exit 1\nfi\n# This output is used by Xcode 'outputs' to avoid re-running this script phase.\necho \"SUCCESS\" > \"${SCRIPT_OUTPUT_FILE_0}\"\n";
			showEnvVarsInLog = 0;
		};
		7EE797A0BD4536BE951FB139 /* [CP] Check Pods Manifest.lock */ = {
			isa = PBXShellScriptBuildPhase;
			buildActionMask = 2147483647;
			files = (
			);
			inputFileListPaths = (
			);
			inputPaths = (
				"${PODS_PODFILE_DIR_PATH}/Podfile.lock",
				"${PODS_ROOT}/Manifest.lock",
			);
			name = "[CP] Check Pods Manifest.lock";
			outputFileListPaths = (
			);
			outputPaths = (
				"$(DERIVED_FILE_DIR)/Pods-Itubers-checkManifestLockResult.txt",
			);
			runOnlyForDeploymentPostprocessing = 0;
			shellPath = /bin/sh;
			shellScript = "diff \"${PODS_PODFILE_DIR_PATH}/Podfile.lock\" \"${PODS_ROOT}/Manifest.lock\" > /dev/null\nif [ $? != 0 ] ; then\n    # print error to STDERR\n    echo \"error: The sandbox is not in sync with the Podfile.lock. Run 'pod install' or update your CocoaPods installation.\" >&2\n    exit 1\nfi\n# This output is used by Xcode 'outputs' to avoid re-running this script phase.\necho \"SUCCESS\" > \"${SCRIPT_OUTPUT_FILE_0}\"\n";
			showEnvVarsInLog = 0;
		};
		A18E424238E5EFED6A8ECA0B /* [CP] Check Pods Manifest.lock */ = {
			isa = PBXShellScriptBuildPhase;
			buildActionMask = 2147483647;
			files = (
			);
			inputFileListPaths = (
			);
			inputPaths = (
				"${PODS_PODFILE_DIR_PATH}/Podfile.lock",
				"${PODS_ROOT}/Manifest.lock",
			);
			name = "[CP] Check Pods Manifest.lock";
			outputFileListPaths = (
			);
			outputPaths = (
				"$(DERIVED_FILE_DIR)/Pods-Itubers-ItubersUITests-checkManifestLockResult.txt",
			);
			runOnlyForDeploymentPostprocessing = 0;
			shellPath = /bin/sh;
			shellScript = "diff \"${PODS_PODFILE_DIR_PATH}/Podfile.lock\" \"${PODS_ROOT}/Manifest.lock\" > /dev/null\nif [ $? != 0 ] ; then\n    # print error to STDERR\n    echo \"error: The sandbox is not in sync with the Podfile.lock. Run 'pod install' or update your CocoaPods installation.\" >&2\n    exit 1\nfi\n# This output is used by Xcode 'outputs' to avoid re-running this script phase.\necho \"SUCCESS\" > \"${SCRIPT_OUTPUT_FILE_0}\"\n";
			showEnvVarsInLog = 0;
		};
		EBB4B422BAC14AA92113B8EC /* [CP] Embed Pods Frameworks */ = {
			isa = PBXShellScriptBuildPhase;
			buildActionMask = 2147483647;
			files = (
			);
			inputFileListPaths = (
				"${PODS_ROOT}/Target Support Files/Pods-Itubers-ItubersUITests/Pods-Itubers-ItubersUITests-frameworks-${CONFIGURATION}-input-files.xcfilelist",
			);
			name = "[CP] Embed Pods Frameworks";
			outputFileListPaths = (
				"${PODS_ROOT}/Target Support Files/Pods-Itubers-ItubersUITests/Pods-Itubers-ItubersUITests-frameworks-${CONFIGURATION}-output-files.xcfilelist",
			);
			runOnlyForDeploymentPostprocessing = 0;
			shellPath = /bin/sh;
			shellScript = "\"${PODS_ROOT}/Target Support Files/Pods-Itubers-ItubersUITests/Pods-Itubers-ItubersUITests-frameworks.sh\"\n";
			showEnvVarsInLog = 0;
		};
/* End PBXShellScriptBuildPhase section */

/* Begin PBXSourcesBuildPhase section */
		CE1DCEE82A97004400E3CC3E /* Sources */ = {
			isa = PBXSourcesBuildPhase;
			buildActionMask = 2147483647;
			files = (
				CE5BA4CB2A97ABC500449C0A /* RegisterView.swift in Sources */,
				CE1B474C2A97FE9000056914 /* AuthenticatorFirebase.swift in Sources */,
				CE1DCF242A97012300E3CC3E /* LoginViewController.swift in Sources */,
				CE5BA4CF2A97B9B600449C0A /* RegisterCoordinator.swift in Sources */,
				CE5BA4DD2A97EF4200449C0A /* RegisterViewModel.swift in Sources */,
				CE5BA4C82A97AAB300449C0A /* ViewControllerDefault.swift in Sources */,
				CE5BA4CD2A97ABD100449C0A /* RegisterViewController.swift in Sources */,
				CE1DCF322A9709D400E3CC3E /* ButtonDefault.swift in Sources */,
				CE5BA4D12A97E99A00449C0A /* LoginViewModel.swift in Sources */,
				CE1DCEF02A97004400E3CC3E /* AppDelegate.swift in Sources */,
				CE5BA4E02A97EFB800449C0A /* Users.swift in Sources */,
				CE1DCF2A2A97026C00E3CC3E /* Coordinator.swift in Sources */,
				CE1DCF282A97013A00E3CC3E /* LoginCoordinator.swift in Sources */,
				CE1DCF262A97012E00E3CC3E /* LoginView.swift in Sources */,
				CE1DCF2E2A9704D200E3CC3E /* LabelDefault.swift in Sources */,
				CE1DCEF22A97004400E3CC3E /* SceneDelegate.swift in Sources */,
				CE1DCF302A97074B00E3CC3E /* TextFieldDefault.swift in Sources */,
			);
			runOnlyForDeploymentPostprocessing = 0;
		};
		CE1DCEFE2A97004900E3CC3E /* Sources */ = {
			isa = PBXSourcesBuildPhase;
			buildActionMask = 2147483647;
			files = (
				CE1DCF072A97004900E3CC3E /* ItubersTests.swift in Sources */,
			);
			runOnlyForDeploymentPostprocessing = 0;
		};
		CE1DCF082A97004900E3CC3E /* Sources */ = {
			isa = PBXSourcesBuildPhase;
			buildActionMask = 2147483647;
			files = (
				CE1DCF112A97004900E3CC3E /* ItubersUITests.swift in Sources */,
				CE1DCF132A97004900E3CC3E /* ItubersUITestsLaunchTests.swift in Sources */,
			);
			runOnlyForDeploymentPostprocessing = 0;
		};
/* End PBXSourcesBuildPhase section */

/* Begin PBXTargetDependency section */
		CE1DCF042A97004900E3CC3E /* PBXTargetDependency */ = {
			isa = PBXTargetDependency;
			target = CE1DCEEB2A97004400E3CC3E /* Itubers */;
			targetProxy = CE1DCF032A97004900E3CC3E /* PBXContainerItemProxy */;
		};
		CE1DCF0E2A97004900E3CC3E /* PBXTargetDependency */ = {
			isa = PBXTargetDependency;
			target = CE1DCEEB2A97004400E3CC3E /* Itubers */;
			targetProxy = CE1DCF0D2A97004900E3CC3E /* PBXContainerItemProxy */;
		};
/* End PBXTargetDependency section */

/* Begin PBXVariantGroup section */
		CE1DCEFA2A97004800E3CC3E /* LaunchScreen.storyboard */ = {
			isa = PBXVariantGroup;
			children = (
				CE1DCEFB2A97004800E3CC3E /* Base */,
			);
			name = LaunchScreen.storyboard;
			sourceTree = "<group>";
		};
/* End PBXVariantGroup section */

/* Begin XCBuildConfiguration section */
		CE1DCF142A97004900E3CC3E /* Debug */ = {
			isa = XCBuildConfiguration;
			buildSettings = {
				ALWAYS_SEARCH_USER_PATHS = NO;
				CLANG_ANALYZER_NONNULL = YES;
				CLANG_ANALYZER_NUMBER_OBJECT_CONVERSION = YES_AGGRESSIVE;
				CLANG_CXX_LANGUAGE_STANDARD = "gnu++20";
				CLANG_ENABLE_MODULES = YES;
				CLANG_ENABLE_OBJC_ARC = YES;
				CLANG_ENABLE_OBJC_WEAK = YES;
				CLANG_WARN_BLOCK_CAPTURE_AUTORELEASING = YES;
				CLANG_WARN_BOOL_CONVERSION = YES;
				CLANG_WARN_COMMA = YES;
				CLANG_WARN_CONSTANT_CONVERSION = YES;
				CLANG_WARN_DEPRECATED_OBJC_IMPLEMENTATIONS = YES;
				CLANG_WARN_DIRECT_OBJC_ISA_USAGE = YES_ERROR;
				CLANG_WARN_DOCUMENTATION_COMMENTS = YES;
				CLANG_WARN_EMPTY_BODY = YES;
				CLANG_WARN_ENUM_CONVERSION = YES;
				CLANG_WARN_INFINITE_RECURSION = YES;
				CLANG_WARN_INT_CONVERSION = YES;
				CLANG_WARN_NON_LITERAL_NULL_CONVERSION = YES;
				CLANG_WARN_OBJC_IMPLICIT_RETAIN_SELF = YES;
				CLANG_WARN_OBJC_LITERAL_CONVERSION = YES;
				CLANG_WARN_OBJC_ROOT_CLASS = YES_ERROR;
				CLANG_WARN_QUOTED_INCLUDE_IN_FRAMEWORK_HEADER = YES;
				CLANG_WARN_RANGE_LOOP_ANALYSIS = YES;
				CLANG_WARN_STRICT_PROTOTYPES = YES;
				CLANG_WARN_SUSPICIOUS_MOVE = YES;
				CLANG_WARN_UNGUARDED_AVAILABILITY = YES_AGGRESSIVE;
				CLANG_WARN_UNREACHABLE_CODE = YES;
				CLANG_WARN__DUPLICATE_METHOD_MATCH = YES;
				COPY_PHASE_STRIP = NO;
				DEBUG_INFORMATION_FORMAT = dwarf;
				ENABLE_STRICT_OBJC_MSGSEND = YES;
				ENABLE_TESTABILITY = YES;
				GCC_C_LANGUAGE_STANDARD = gnu11;
				GCC_DYNAMIC_NO_PIC = NO;
				GCC_NO_COMMON_BLOCKS = YES;
				GCC_OPTIMIZATION_LEVEL = 0;
				GCC_PREPROCESSOR_DEFINITIONS = (
					"DEBUG=1",
					"$(inherited)",
				);
				GCC_WARN_64_TO_32_BIT_CONVERSION = YES;
				GCC_WARN_ABOUT_RETURN_TYPE = YES_ERROR;
				GCC_WARN_UNDECLARED_SELECTOR = YES;
				GCC_WARN_UNINITIALIZED_AUTOS = YES_AGGRESSIVE;
				GCC_WARN_UNUSED_FUNCTION = YES;
				GCC_WARN_UNUSED_VARIABLE = YES;
				IPHONEOS_DEPLOYMENT_TARGET = 16.2;
				MTL_ENABLE_DEBUG_INFO = INCLUDE_SOURCE;
				MTL_FAST_MATH = YES;
				ONLY_ACTIVE_ARCH = YES;
				SDKROOT = iphoneos;
				SWIFT_ACTIVE_COMPILATION_CONDITIONS = DEBUG;
				SWIFT_OPTIMIZATION_LEVEL = "-Onone";
			};
			name = Debug;
		};
		CE1DCF152A97004900E3CC3E /* Release */ = {
			isa = XCBuildConfiguration;
			buildSettings = {
				ALWAYS_SEARCH_USER_PATHS = NO;
				CLANG_ANALYZER_NONNULL = YES;
				CLANG_ANALYZER_NUMBER_OBJECT_CONVERSION = YES_AGGRESSIVE;
				CLANG_CXX_LANGUAGE_STANDARD = "gnu++20";
				CLANG_ENABLE_MODULES = YES;
				CLANG_ENABLE_OBJC_ARC = YES;
				CLANG_ENABLE_OBJC_WEAK = YES;
				CLANG_WARN_BLOCK_CAPTURE_AUTORELEASING = YES;
				CLANG_WARN_BOOL_CONVERSION = YES;
				CLANG_WARN_COMMA = YES;
				CLANG_WARN_CONSTANT_CONVERSION = YES;
				CLANG_WARN_DEPRECATED_OBJC_IMPLEMENTATIONS = YES;
				CLANG_WARN_DIRECT_OBJC_ISA_USAGE = YES_ERROR;
				CLANG_WARN_DOCUMENTATION_COMMENTS = YES;
				CLANG_WARN_EMPTY_BODY = YES;
				CLANG_WARN_ENUM_CONVERSION = YES;
				CLANG_WARN_INFINITE_RECURSION = YES;
				CLANG_WARN_INT_CONVERSION = YES;
				CLANG_WARN_NON_LITERAL_NULL_CONVERSION = YES;
				CLANG_WARN_OBJC_IMPLICIT_RETAIN_SELF = YES;
				CLANG_WARN_OBJC_LITERAL_CONVERSION = YES;
				CLANG_WARN_OBJC_ROOT_CLASS = YES_ERROR;
				CLANG_WARN_QUOTED_INCLUDE_IN_FRAMEWORK_HEADER = YES;
				CLANG_WARN_RANGE_LOOP_ANALYSIS = YES;
				CLANG_WARN_STRICT_PROTOTYPES = YES;
				CLANG_WARN_SUSPICIOUS_MOVE = YES;
				CLANG_WARN_UNGUARDED_AVAILABILITY = YES_AGGRESSIVE;
				CLANG_WARN_UNREACHABLE_CODE = YES;
				CLANG_WARN__DUPLICATE_METHOD_MATCH = YES;
				COPY_PHASE_STRIP = NO;
				DEBUG_INFORMATION_FORMAT = "dwarf-with-dsym";
				ENABLE_NS_ASSERTIONS = NO;
				ENABLE_STRICT_OBJC_MSGSEND = YES;
				GCC_C_LANGUAGE_STANDARD = gnu11;
				GCC_NO_COMMON_BLOCKS = YES;
				GCC_WARN_64_TO_32_BIT_CONVERSION = YES;
				GCC_WARN_ABOUT_RETURN_TYPE = YES_ERROR;
				GCC_WARN_UNDECLARED_SELECTOR = YES;
				GCC_WARN_UNINITIALIZED_AUTOS = YES_AGGRESSIVE;
				GCC_WARN_UNUSED_FUNCTION = YES;
				GCC_WARN_UNUSED_VARIABLE = YES;
				IPHONEOS_DEPLOYMENT_TARGET = 16.2;
				MTL_ENABLE_DEBUG_INFO = NO;
				MTL_FAST_MATH = YES;
				SDKROOT = iphoneos;
				SWIFT_COMPILATION_MODE = wholemodule;
				SWIFT_OPTIMIZATION_LEVEL = "-O";
				VALIDATE_PRODUCT = YES;
			};
			name = Release;
		};
		CE1DCF172A97004900E3CC3E /* Debug */ = {
			isa = XCBuildConfiguration;
			baseConfigurationReference = C8AC14F57A3A1BBC828B90BA /* Pods-Itubers.debug.xcconfig */;
			buildSettings = {
				ASSETCATALOG_COMPILER_APPICON_NAME = AppIcon;
				ASSETCATALOG_COMPILER_GLOBAL_ACCENT_COLOR_NAME = AccentColor;
				CODE_SIGN_STYLE = Automatic;
				CURRENT_PROJECT_VERSION = 1;
				DEVELOPMENT_TEAM = 96BGR9J6TU;
				GENERATE_INFOPLIST_FILE = YES;
				INFOPLIST_FILE = Itubers/Info.plist;
				INFOPLIST_KEY_UIApplicationSupportsIndirectInputEvents = YES;
				INFOPLIST_KEY_UILaunchStoryboardName = LaunchScreen;
				INFOPLIST_KEY_UIMainStoryboardFile = "";
				INFOPLIST_KEY_UISupportedInterfaceOrientations_iPad = "UIInterfaceOrientationPortrait UIInterfaceOrientationPortraitUpsideDown UIInterfaceOrientationLandscapeLeft UIInterfaceOrientationLandscapeRight";
				INFOPLIST_KEY_UISupportedInterfaceOrientations_iPhone = "UIInterfaceOrientationPortrait UIInterfaceOrientationLandscapeLeft UIInterfaceOrientationLandscapeRight";
				LD_RUNPATH_SEARCH_PATHS = (
					"$(inherited)",
					"@executable_path/Frameworks",
				);
				MARKETING_VERSION = 1.0;
				PRODUCT_BUNDLE_IDENTIFIER = com.pedroroca.Itubers;
				PRODUCT_NAME = "$(TARGET_NAME)";
				SUPPORTED_PLATFORMS = "iphoneos iphonesimulator";
				SUPPORTS_MACCATALYST = NO;
				SUPPORTS_MAC_DESIGNED_FOR_IPHONE_IPAD = NO;
				SWIFT_EMIT_LOC_STRINGS = YES;
				SWIFT_VERSION = 5.0;
				TARGETED_DEVICE_FAMILY = 1;
			};
			name = Debug;
		};
		CE1DCF182A97004900E3CC3E /* Release */ = {
			isa = XCBuildConfiguration;
			baseConfigurationReference = 696EE36C91E2F28F42DEF894 /* Pods-Itubers.release.xcconfig */;
			buildSettings = {
				ASSETCATALOG_COMPILER_APPICON_NAME = AppIcon;
				ASSETCATALOG_COMPILER_GLOBAL_ACCENT_COLOR_NAME = AccentColor;
				CODE_SIGN_STYLE = Automatic;
				CURRENT_PROJECT_VERSION = 1;
				DEVELOPMENT_TEAM = 96BGR9J6TU;
				GENERATE_INFOPLIST_FILE = YES;
				INFOPLIST_FILE = Itubers/Info.plist;
				INFOPLIST_KEY_UIApplicationSupportsIndirectInputEvents = YES;
				INFOPLIST_KEY_UILaunchStoryboardName = LaunchScreen;
				INFOPLIST_KEY_UIMainStoryboardFile = "";
				INFOPLIST_KEY_UISupportedInterfaceOrientations_iPad = "UIInterfaceOrientationPortrait UIInterfaceOrientationPortraitUpsideDown UIInterfaceOrientationLandscapeLeft UIInterfaceOrientationLandscapeRight";
				INFOPLIST_KEY_UISupportedInterfaceOrientations_iPhone = "UIInterfaceOrientationPortrait UIInterfaceOrientationLandscapeLeft UIInterfaceOrientationLandscapeRight";
				LD_RUNPATH_SEARCH_PATHS = (
					"$(inherited)",
					"@executable_path/Frameworks",
				);
				MARKETING_VERSION = 1.0;
				PRODUCT_BUNDLE_IDENTIFIER = com.pedroroca.Itubers;
				PRODUCT_NAME = "$(TARGET_NAME)";
				SUPPORTED_PLATFORMS = "iphoneos iphonesimulator";
				SUPPORTS_MACCATALYST = NO;
				SUPPORTS_MAC_DESIGNED_FOR_IPHONE_IPAD = NO;
				SWIFT_EMIT_LOC_STRINGS = YES;
				SWIFT_VERSION = 5.0;
				TARGETED_DEVICE_FAMILY = 1;
			};
			name = Release;
		};
		CE1DCF1A2A97004900E3CC3E /* Debug */ = {
			isa = XCBuildConfiguration;
			baseConfigurationReference = B096BF502BBA353DB97C2989 /* Pods-ItubersTests.debug.xcconfig */;
			buildSettings = {
				ALWAYS_EMBED_SWIFT_STANDARD_LIBRARIES = YES;
				BUNDLE_LOADER = "$(TEST_HOST)";
				CODE_SIGN_STYLE = Automatic;
				CURRENT_PROJECT_VERSION = 1;
				DEVELOPMENT_TEAM = 96BGR9J6TU;
				GENERATE_INFOPLIST_FILE = YES;
				IPHONEOS_DEPLOYMENT_TARGET = 16.2;
				MARKETING_VERSION = 1.0;
				PRODUCT_BUNDLE_IDENTIFIER = com.pedroroca.ItubersTests;
				PRODUCT_NAME = "$(TARGET_NAME)";
				SWIFT_EMIT_LOC_STRINGS = NO;
				SWIFT_VERSION = 5.0;
				TARGETED_DEVICE_FAMILY = "1,2";
				TEST_HOST = "$(BUILT_PRODUCTS_DIR)/Itubers.app/$(BUNDLE_EXECUTABLE_FOLDER_PATH)/Itubers";
			};
			name = Debug;
		};
		CE1DCF1B2A97004900E3CC3E /* Release */ = {
			isa = XCBuildConfiguration;
			baseConfigurationReference = EAC9253E87BF947148568B74 /* Pods-ItubersTests.release.xcconfig */;
			buildSettings = {
				ALWAYS_EMBED_SWIFT_STANDARD_LIBRARIES = YES;
				BUNDLE_LOADER = "$(TEST_HOST)";
				CODE_SIGN_STYLE = Automatic;
				CURRENT_PROJECT_VERSION = 1;
				DEVELOPMENT_TEAM = 96BGR9J6TU;
				GENERATE_INFOPLIST_FILE = YES;
				IPHONEOS_DEPLOYMENT_TARGET = 16.2;
				MARKETING_VERSION = 1.0;
				PRODUCT_BUNDLE_IDENTIFIER = com.pedroroca.ItubersTests;
				PRODUCT_NAME = "$(TARGET_NAME)";
				SWIFT_EMIT_LOC_STRINGS = NO;
				SWIFT_VERSION = 5.0;
				TARGETED_DEVICE_FAMILY = "1,2";
				TEST_HOST = "$(BUILT_PRODUCTS_DIR)/Itubers.app/$(BUNDLE_EXECUTABLE_FOLDER_PATH)/Itubers";
			};
			name = Release;
		};
		CE1DCF1D2A97004900E3CC3E /* Debug */ = {
			isa = XCBuildConfiguration;
			baseConfigurationReference = 52D5A020203C32F5216C41E2 /* Pods-Itubers-ItubersUITests.debug.xcconfig */;
			buildSettings = {
				ALWAYS_EMBED_SWIFT_STANDARD_LIBRARIES = YES;
				CODE_SIGN_STYLE = Automatic;
				CURRENT_PROJECT_VERSION = 1;
				DEVELOPMENT_TEAM = 96BGR9J6TU;
				GENERATE_INFOPLIST_FILE = YES;
				MARKETING_VERSION = 1.0;
				PRODUCT_BUNDLE_IDENTIFIER = com.pedroroca.ItubersUITests;
				PRODUCT_NAME = "$(TARGET_NAME)";
				SWIFT_EMIT_LOC_STRINGS = NO;
				SWIFT_VERSION = 5.0;
				TARGETED_DEVICE_FAMILY = "1,2";
				TEST_TARGET_NAME = Itubers;
			};
			name = Debug;
		};
		CE1DCF1E2A97004900E3CC3E /* Release */ = {
			isa = XCBuildConfiguration;
			baseConfigurationReference = 2662D6C632BB774AB78F69FC /* Pods-Itubers-ItubersUITests.release.xcconfig */;
			buildSettings = {
				ALWAYS_EMBED_SWIFT_STANDARD_LIBRARIES = YES;
				CODE_SIGN_STYLE = Automatic;
				CURRENT_PROJECT_VERSION = 1;
				DEVELOPMENT_TEAM = 96BGR9J6TU;
				GENERATE_INFOPLIST_FILE = YES;
				MARKETING_VERSION = 1.0;
				PRODUCT_BUNDLE_IDENTIFIER = com.pedroroca.ItubersUITests;
				PRODUCT_NAME = "$(TARGET_NAME)";
				SWIFT_EMIT_LOC_STRINGS = NO;
				SWIFT_VERSION = 5.0;
				TARGETED_DEVICE_FAMILY = "1,2";
				TEST_TARGET_NAME = Itubers;
			};
			name = Release;
		};
/* End XCBuildConfiguration section */

/* Begin XCConfigurationList section */
		CE1DCEE72A97004400E3CC3E /* Build configuration list for PBXProject "Itubers" */ = {
			isa = XCConfigurationList;
			buildConfigurations = (
				CE1DCF142A97004900E3CC3E /* Debug */,
				CE1DCF152A97004900E3CC3E /* Release */,
			);
			defaultConfigurationIsVisible = 0;
			defaultConfigurationName = Release;
		};
		CE1DCF162A97004900E3CC3E /* Build configuration list for PBXNativeTarget "Itubers" */ = {
			isa = XCConfigurationList;
			buildConfigurations = (
				CE1DCF172A97004900E3CC3E /* Debug */,
				CE1DCF182A97004900E3CC3E /* Release */,
			);
			defaultConfigurationIsVisible = 0;
			defaultConfigurationName = Release;
		};
		CE1DCF192A97004900E3CC3E /* Build configuration list for PBXNativeTarget "ItubersTests" */ = {
			isa = XCConfigurationList;
			buildConfigurations = (
				CE1DCF1A2A97004900E3CC3E /* Debug */,
				CE1DCF1B2A97004900E3CC3E /* Release */,
			);
			defaultConfigurationIsVisible = 0;
			defaultConfigurationName = Release;
		};
		CE1DCF1C2A97004900E3CC3E /* Build configuration list for PBXNativeTarget "ItubersUITests" */ = {
			isa = XCConfigurationList;
			buildConfigurations = (
				CE1DCF1D2A97004900E3CC3E /* Debug */,
				CE1DCF1E2A97004900E3CC3E /* Release */,
			);
			defaultConfigurationIsVisible = 0;
			defaultConfigurationName = Release;
		};
/* End XCConfigurationList section */

/* Begin XCRemoteSwiftPackageReference section */
		CE5BA4D42A97EC8C00449C0A /* XCRemoteSwiftPackageReference "firebase-ios-sdk" */ = {
			isa = XCRemoteSwiftPackageReference;
			repositoryURL = "https://github.com/firebase/firebase-ios-sdk.git";
			requirement = {
				branch = master;
				kind = branch;
			};
		};
/* End XCRemoteSwiftPackageReference section */

/* Begin XCSwiftPackageProductDependency section */
		CE5BA4D52A97EC8C00449C0A /* FirebaseAuth */ = {
			isa = XCSwiftPackageProductDependency;
			package = CE5BA4D42A97EC8C00449C0A /* XCRemoteSwiftPackageReference "firebase-ios-sdk" */;
			productName = FirebaseAuth;
		};
		CE5BA4D72A97EC8C00449C0A /* FirebaseFirestore */ = {
			isa = XCSwiftPackageProductDependency;
			package = CE5BA4D42A97EC8C00449C0A /* XCRemoteSwiftPackageReference "firebase-ios-sdk" */;
			productName = FirebaseFirestore;
		};
/* End XCSwiftPackageProductDependency section */
	};
	rootObject = CE1DCEE42A97004400E3CC3E /* Project object */;
}
